// !$*UTF8*$!
{
	archiveVersion = 1;
	classes = {
	};
	objectVersion = 52;
	objects = {

/* Begin PBXBuildFile section */
		F30C418924A6B92B005BFAA9 /* Localizable.strings in Resources */ = {isa = PBXBuildFile; fileRef = F336D67E24A644AD000E1796 /* Localizable.strings */; };
		F32C94492482F6E900649B7B /* HomeAnimatingTitleView.swift in Sources */ = {isa = PBXBuildFile; fileRef = F32C94482482F6E900649B7B /* HomeAnimatingTitleView.swift */; };
		F32C944B24830C9200649B7B /* HomeAnimatingSubtitleView.swift in Sources */ = {isa = PBXBuildFile; fileRef = F32C944A24830C9200649B7B /* HomeAnimatingSubtitleView.swift */; };
		F3330ED024F1994100FC8912 /* AboutUsTableViewController.swift in Sources */ = {isa = PBXBuildFile; fileRef = F3330ECF24F1994100FC8912 /* AboutUsTableViewController.swift */; };
		F33A9F47239009C500A78A74 /* FavoritesViewController.swift in Sources */ = {isa = PBXBuildFile; fileRef = F33A9F46239009C500A78A74 /* FavoritesViewController.swift */; };
		F33A9F4B239068E200A78A74 /* FavoritesPlainCollectionViewCell.swift in Sources */ = {isa = PBXBuildFile; fileRef = F33A9F4A239068E200A78A74 /* FavoritesPlainCollectionViewCell.swift */; };
		F33A9F4D239069CD00A78A74 /* FavoritesSegmentedControlCollectionViewCell.swift in Sources */ = {isa = PBXBuildFile; fileRef = F33A9F4C239069CD00A78A74 /* FavoritesSegmentedControlCollectionViewCell.swift */; };
		F34251E4239C7A1A008ABD8C /* ShopTitleCollectionViewCell.swift in Sources */ = {isa = PBXBuildFile; fileRef = F34251E3239C7A1A008ABD8C /* ShopTitleCollectionViewCell.swift */; };
		F34251E6239C7A35008ABD8C /* ShopDetailTitleCollectionViewCell.swift in Sources */ = {isa = PBXBuildFile; fileRef = F34251E5239C7A35008ABD8C /* ShopDetailTitleCollectionViewCell.swift */; };
		F34251E8239C7D84008ABD8C /* ImageAndDescriptionUIView.swift in Sources */ = {isa = PBXBuildFile; fileRef = F34251E7239C7D84008ABD8C /* ImageAndDescriptionUIView.swift */; };
		F34251EA239D7102008ABD8C /* LogoWithFavoritesButton.swift in Sources */ = {isa = PBXBuildFile; fileRef = F34251E9239D7102008ABD8C /* LogoWithFavoritesButton.swift */; };
		F34251EC239DA83E008ABD8C /* ShopCategoryData.swift in Sources */ = {isa = PBXBuildFile; fileRef = F34251EB239DA83E008ABD8C /* ShopCategoryData.swift */; };
		F348666923CA6CC0004682B3 /* CacheController.swift in Sources */ = {isa = PBXBuildFile; fileRef = F348666823CA6CC0004682B3 /* CacheController.swift */; };
		F348666F23CBB5B5004682B3 /* NetworkController.swift in Sources */ = {isa = PBXBuildFile; fileRef = F348666E23CBB5B5004682B3 /* NetworkController.swift */; };
		F34C575C2437B263004A03B3 /* CouponPopupView.swift in Sources */ = {isa = PBXBuildFile; fileRef = F34C575B2437B262004A03B3 /* CouponPopupView.swift */; };
		F3508E7C24A6C48700A3586F /* Settings.storyboard in Resources */ = {isa = PBXBuildFile; fileRef = F3508E7B24A6C48700A3586F /* Settings.storyboard */; };
		F353624F23CE09BC003D7BAB /* NetworkShopData.swift in Sources */ = {isa = PBXBuildFile; fileRef = F353624E23CE09BC003D7BAB /* NetworkShopData.swift */; };
		F353625123CE09D8003D7BAB /* NetworkPromoCodeData.swift in Sources */ = {isa = PBXBuildFile; fileRef = F353625023CE09D8003D7BAB /* NetworkPromoCodeData.swift */; };
		F353625323CE09EC003D7BAB /* NetworkShopCategoryData.swift in Sources */ = {isa = PBXBuildFile; fileRef = F353625223CE09EC003D7BAB /* NetworkShopCategoryData.swift */; };
		F35B3D28235BAC25000F7ED0 /* AppDelegate.swift in Sources */ = {isa = PBXBuildFile; fileRef = F35B3D27235BAC25000F7ED0 /* AppDelegate.swift */; };
		F35B3D2A235BAC25000F7ED0 /* SceneDelegate.swift in Sources */ = {isa = PBXBuildFile; fileRef = F35B3D29235BAC25000F7ED0 /* SceneDelegate.swift */; };
		F35B3D2C235BAC25000F7ED0 /* ViewController.swift in Sources */ = {isa = PBXBuildFile; fileRef = F35B3D2B235BAC25000F7ED0 /* ViewController.swift */; };
		F35B3D2F235BAC25000F7ED0 /* Main.storyboard in Resources */ = {isa = PBXBuildFile; fileRef = F35B3D2D235BAC25000F7ED0 /* Main.storyboard */; };
		F35B3D34235BAC2D000F7ED0 /* Assets.xcassets in Resources */ = {isa = PBXBuildFile; fileRef = F35B3D33235BAC2D000F7ED0 /* Assets.xcassets */; };
		F35B3D37235BAC2D000F7ED0 /* LaunchScreen.storyboard in Resources */ = {isa = PBXBuildFile; fileRef = F35B3D35235BAC2D000F7ED0 /* LaunchScreen.storyboard */; };
		F35B3D42235BAC2D000F7ED0 /* GetCouponTests.swift in Sources */ = {isa = PBXBuildFile; fileRef = F35B3D41235BAC2D000F7ED0 /* GetCouponTests.swift */; };
		F35B3D4D235BAC2D000F7ED0 /* GetCouponUITests.swift in Sources */ = {isa = PBXBuildFile; fileRef = F35B3D4C235BAC2D000F7ED0 /* GetCouponUITests.swift */; };
		F35B3D60235BB2D4000F7ED0 /* Favourites.storyboard in Resources */ = {isa = PBXBuildFile; fileRef = F35B3D5F235BB2D4000F7ED0 /* Favourites.storyboard */; };
		F35B3D62235BB2F5000F7ED0 /* Home.storyboard in Resources */ = {isa = PBXBuildFile; fileRef = F35B3D61235BB2F5000F7ED0 /* Home.storyboard */; };
		F35B3D64235BB37B000F7ED0 /* Search.storyboard in Resources */ = {isa = PBXBuildFile; fileRef = F35B3D63235BB37B000F7ED0 /* Search.storyboard */; };
		F35C081823946EB70047A85D /* SearchCollectionViewCell.swift in Sources */ = {isa = PBXBuildFile; fileRef = F35C081723946EB60047A85D /* SearchCollectionViewCell.swift */; };
		F35C65212384A03600E67B26 /* HomeCaptionImageCollectionViewCell.swift in Sources */ = {isa = PBXBuildFile; fileRef = F35C65202384A03600E67B26 /* HomeCaptionImageCollectionViewCell.swift */; };
		F35EE48A24576B5000430002 /* UserDefaultKeys.swift in Sources */ = {isa = PBXBuildFile; fileRef = F35EE48924576B5000430002 /* UserDefaultKeys.swift */; };
		F363B6CC24B1257C00F6BA24 /* OnboardingViewController.swift in Sources */ = {isa = PBXBuildFile; fileRef = F363B6CB24B1257C00F6BA24 /* OnboardingViewController.swift */; };
		F363B6D224B15D3100F6BA24 /* NextButton.swift in Sources */ = {isa = PBXBuildFile; fileRef = F363B6D124B15D3100F6BA24 /* NextButton.swift */; };
		F363B6D324B1633A00F6BA24 /* Onboarding.storyboard in Resources */ = {isa = PBXBuildFile; fileRef = F363B6D524B1633A00F6BA24 /* Onboarding.storyboard */; };
		F363B6DD24B25C4700F6BA24 /* OnboardingCollectionViewCell.swift in Sources */ = {isa = PBXBuildFile; fileRef = F363B6DC24B25C4700F6BA24 /* OnboardingCollectionViewCell.swift */; };
		F363B6E024B3B04300F6BA24 /* Trie.swift in Sources */ = {isa = PBXBuildFile; fileRef = F363B6DF24B3B04300F6BA24 /* Trie.swift */; };
		F363B6E224B3B04F00F6BA24 /* TrieNode.swift in Sources */ = {isa = PBXBuildFile; fileRef = F363B6E124B3B04F00F6BA24 /* TrieNode.swift */; };
		F363B6E424B4EFA100F6BA24 /* LocalizationProvider.swift in Sources */ = {isa = PBXBuildFile; fileRef = F363B6E324B4EFA100F6BA24 /* LocalizationProvider.swift */; };
		F363B6E724B5184E00F6BA24 /* Localizable.stringsdict in Resources */ = {isa = PBXBuildFile; fileRef = F363B6E924B5184E00F6BA24 /* Localizable.stringsdict */; };
		F363B6ED24B52F5E00F6BA24 /* ServerData.swift in Sources */ = {isa = PBXBuildFile; fileRef = F363B6EC24B52F5E00F6BA24 /* ServerData.swift */; };
		F363B6EF24B5361500F6BA24 /* ServersPack.swift in Sources */ = {isa = PBXBuildFile; fileRef = F363B6EE24B5361500F6BA24 /* ServersPack.swift */; };
		F363B6F924BA37C700F6BA24 /* InfoPlist.strings in Resources */ = {isa = PBXBuildFile; fileRef = F363B6FB24BA37C700F6BA24 /* InfoPlist.strings */; };
		F363B70124BA3E8400F6BA24 /* TabBarViewController.swift in Sources */ = {isa = PBXBuildFile; fileRef = F363B70024BA3E8400F6BA24 /* TabBarViewController.swift */; };
		F364721C24A6C6A60078A286 /* SettingsTermsOfService.storyboard in Resources */ = {isa = PBXBuildFile; fileRef = F364721E24A6C6A60078A286 /* SettingsTermsOfService.storyboard */; };
		F364722524A6C6E80078A286 /* SettingsFeedbackScreen.storyboard in Resources */ = {isa = PBXBuildFile; fileRef = F364722724A6C6E80078A286 /* SettingsFeedbackScreen.storyboard */; };
		F371E478242640D200301D5E /* RxSwift in Frameworks */ = {isa = PBXBuildFile; productRef = F371E477242640D200301D5E /* RxSwift */; };
		F371E47A242640D200301D5E /* RxTest in Frameworks */ = {isa = PBXBuildFile; productRef = F371E479242640D200301D5E /* RxTest */; };
		F371E47C242640D200301D5E /* RxRelay in Frameworks */ = {isa = PBXBuildFile; productRef = F371E47B242640D200301D5E /* RxRelay */; };
		F371E47E242640D200301D5E /* RxCocoa in Frameworks */ = {isa = PBXBuildFile; productRef = F371E47D242640D200301D5E /* RxCocoa */; };
		F371E480242640D200301D5E /* RxBlocking in Frameworks */ = {isa = PBXBuildFile; productRef = F371E47F242640D200301D5E /* RxBlocking */; };
		F371E4832426415100301D5E /* Realm in Frameworks */ = {isa = PBXBuildFile; productRef = F371E4822426415100301D5E /* Realm */; };
		F371E4852426415100301D5E /* RealmSwift in Frameworks */ = {isa = PBXBuildFile; productRef = F371E4842426415100301D5E /* RealmSwift */; };
		F37612542461E646007EB465 /* PromocodeView+Animations.swift in Sources */ = {isa = PBXBuildFile; fileRef = F37612532461E646007EB465 /* PromocodeView+Animations.swift */; };
		F378A4AF24D1E1D40091C95C /* NotificationService.swift in Sources */ = {isa = PBXBuildFile; fileRef = F378A4AE24D1E1D40091C95C /* NotificationService.swift */; };
		F378A4B324D1E1D40091C95C /* GetCouponNotificationService.appex in Embed App Extensions */ = {isa = PBXBuildFile; fileRef = F378A4AC24D1E1D40091C95C /* GetCouponNotificationService.appex */; settings = {ATTRIBUTES = (RemoveHeadersOnCopy, ); }; };
		F378A4B824D1E22E0091C95C /* Localizable.strings in Resources */ = {isa = PBXBuildFile; fileRef = F336D67E24A644AD000E1796 /* Localizable.strings */; };
		F378A4C024D208A70091C95C /* PushConfiguration.swift in Sources */ = {isa = PBXBuildFile; fileRef = F378A4BF24D208A70091C95C /* PushConfiguration.swift */; };
		F378A4C124D20DC70091C95C /* NotificationProvider.swift in Sources */ = {isa = PBXBuildFile; fileRef = F342162824D04CAF00A1C7D0 /* NotificationProvider.swift */; };
		F37D66D424BF7C2C0031B086 /* EmptyFavoritesView.swift in Sources */ = {isa = PBXBuildFile; fileRef = F37D66D324BF7C2C0031B086 /* EmptyFavoritesView.swift */; };
		F380F9D924F1673200FD2156 /* SettingsAboutUsScreen.storyboard in Resources */ = {isa = PBXBuildFile; fileRef = F380F9D824F1673200FD2156 /* SettingsAboutUsScreen.storyboard */; };
		F380F9DD24F190AA00FD2156 /* AboutLogoPreviewTableViewCell.swift in Sources */ = {isa = PBXBuildFile; fileRef = F380F9DC24F190AA00FD2156 /* AboutLogoPreviewTableViewCell.swift */; };
		F3888C95244F7009002B6115 /* FeedbackViewController.swift in Sources */ = {isa = PBXBuildFile; fileRef = F3888C94244F7009002B6115 /* FeedbackViewController.swift */; };
		F3888C982454D88F002B6115 /* FeedbackViewModel.swift in Sources */ = {isa = PBXBuildFile; fileRef = F3888C972454D88F002B6115 /* FeedbackViewModel.swift */; };
		F3888C9C2454E521002B6115 /* SettingsViewModel.swift in Sources */ = {isa = PBXBuildFile; fileRef = F3888C9B2454E521002B6115 /* SettingsViewModel.swift */; };
		F38F7A4823CA563100AAC409 /* ShopCategoryStoredData.swift in Sources */ = {isa = PBXBuildFile; fileRef = F38F7A4723CA563100AAC409 /* ShopCategoryStoredData.swift */; };
		F38F7A4A23CA564200AAC409 /* ShopStoredData.swift in Sources */ = {isa = PBXBuildFile; fileRef = F38F7A4923CA564200AAC409 /* ShopStoredData.swift */; };
		F38F7A4C23CA566200AAC409 /* PromoCodeStoredData.swift in Sources */ = {isa = PBXBuildFile; fileRef = F38F7A4B23CA566200AAC409 /* PromoCodeStoredData.swift */; };
		F39C02ED24803193005C2BDB /* AdvertisingImageCollectionViewCell.swift in Sources */ = {isa = PBXBuildFile; fileRef = F39C02EC24803193005C2BDB /* AdvertisingImageCollectionViewCell.swift */; };
		F39C02F024804AA8005C2BDB /* AdvertisingCategoryData.swift in Sources */ = {isa = PBXBuildFile; fileRef = F39C02EF24804AA8005C2BDB /* AdvertisingCategoryData.swift */; };
		F39C02F224804AB6005C2BDB /* AdvertisingCellData.swift in Sources */ = {isa = PBXBuildFile; fileRef = F39C02F124804AB6005C2BDB /* AdvertisingCellData.swift */; };
		F3A4B1A6239709F400A47053 /* HomeDetailSegmentedControlCollectionViewCell.swift in Sources */ = {isa = PBXBuildFile; fileRef = F3A4B1A5239709F400A47053 /* HomeDetailSegmentedControlCollectionViewCell.swift */; };
		F3B804032380578A00481152 /* HomeCardCollectionViewCell.swift in Sources */ = {isa = PBXBuildFile; fileRef = F3B804022380578A00481152 /* HomeCardCollectionViewCell.swift */; };
		F3B80405238063A100481152 /* HomeViewController.swift in Sources */ = {isa = PBXBuildFile; fileRef = F3B80404238063A100481152 /* HomeViewController.swift */; };
		F3B804072380647000481152 /* HomeDataController.swift in Sources */ = {isa = PBXBuildFile; fileRef = F3B804062380647000481152 /* HomeDataController.swift */; };
		F3B8040F2380816F00481152 /* TitleSupplementaryView.swift in Sources */ = {isa = PBXBuildFile; fileRef = F3B8040E2380816F00481152 /* TitleSupplementaryView.swift */; };
		F3BF6B9E247EF127003C184B /* CellWithImageProtocol.swift in Sources */ = {isa = PBXBuildFile; fileRef = F3BF6B9D247EF126003C184B /* CellWithImageProtocol.swift */; };
		F3BF6BA0247EF73C003C184B /* SearchSuggestionCollectionViewCell.swift in Sources */ = {isa = PBXBuildFile; fileRef = F3BF6B9F247EF73C003C184B /* SearchSuggestionCollectionViewCell.swift */; };
		F3CE061624A00BB3007620A4 /* NetworkAdvertisingCategoryData.swift in Sources */ = {isa = PBXBuildFile; fileRef = F3CE061524A00BB3007620A4 /* NetworkAdvertisingCategoryData.swift */; };
		F3CE061824A00BF4007620A4 /* NetworkAdvertisingCellData.swift in Sources */ = {isa = PBXBuildFile; fileRef = F3CE061724A00BF4007620A4 /* NetworkAdvertisingCellData.swift */; };
		F3CE061A24A63BB2007620A4 /* AdvertisingMarkView.swift in Sources */ = {isa = PBXBuildFile; fileRef = F3CE061924A63BB2007620A4 /* AdvertisingMarkView.swift */; };
		F3D9DC8B2446463B00EAEDE1 /* SettingsTextAndAccessoryTableViewCell.swift in Sources */ = {isa = PBXBuildFile; fileRef = F3D9DC8A2446463B00EAEDE1 /* SettingsTextAndAccessoryTableViewCell.swift */; };
		F3D9DC8D24464DF300EAEDE1 /* SettingsTextAndSwitchTableViewCell.swift in Sources */ = {isa = PBXBuildFile; fileRef = F3D9DC8C24464DF300EAEDE1 /* SettingsTextAndSwitchTableViewCell.swift */; };
		F3D9DC8F2446555700EAEDE1 /* SettingsDoubleTextAndAccessoryTableViewCell.swift in Sources */ = {isa = PBXBuildFile; fileRef = F3D9DC8E2446555700EAEDE1 /* SettingsDoubleTextAndAccessoryTableViewCell.swift */; };
		F3D9DC9124465BF400EAEDE1 /* SettingsDoubleTextAndSwitchTableViewCell.swift in Sources */ = {isa = PBXBuildFile; fileRef = F3D9DC9024465BF400EAEDE1 /* SettingsDoubleTextAndSwitchTableViewCell.swift */; };
		F3D9DC952447970A00EAEDE1 /* TermsOfSeviceViewController.swift in Sources */ = {isa = PBXBuildFile; fileRef = F3D9DC942447970A00EAEDE1 /* TermsOfSeviceViewController.swift */; };
		F3E0AEAF2385DBC70063E2C8 /* ShowMoreUIButton.swift in Sources */ = {isa = PBXBuildFile; fileRef = F3E0AEAE2385DBC70063E2C8 /* ShowMoreUIButton.swift */; };
		F3E0AEB1238804A10063E2C8 /* HomeDetailViewController.swift in Sources */ = {isa = PBXBuildFile; fileRef = F3E0AEB0238804A10063E2C8 /* HomeDetailViewController.swift */; };
		F3E0AEB5238882490063E2C8 /* HomeDetailCollectionViewCell.swift in Sources */ = {isa = PBXBuildFile; fileRef = F3E0AEB4238882490063E2C8 /* HomeDetailCollectionViewCell.swift */; };
		F3E0AEB9238A0B060063E2C8 /* LikeImageView.swift in Sources */ = {isa = PBXBuildFile; fileRef = F3E0AEB8238A0B060063E2C8 /* LikeImageView.swift */; };
		F3E0AEBB238C69350063E2C8 /* ModelController.swift in Sources */ = {isa = PBXBuildFile; fileRef = F3E0AEBA238C69350063E2C8 /* ModelController.swift */; };
		F3E0AEBE238C6A0E0063E2C8 /* FavoritesDataController.swift in Sources */ = {isa = PBXBuildFile; fileRef = F3E0AEBD238C6A0E0063E2C8 /* FavoritesDataController.swift */; };
		F3E0AEC0238C868C0063E2C8 /* AddToFavoritesButton.swift in Sources */ = {isa = PBXBuildFile; fileRef = F3E0AEBF238C868C0063E2C8 /* AddToFavoritesButton.swift */; };
		F3E69DA9247C518B00CE7799 /* SearchResultsViewModel.swift in Sources */ = {isa = PBXBuildFile; fileRef = F3E69DA8247C518B00CE7799 /* SearchResultsViewModel.swift */; };
		F3E69DAB247C6DB700CE7799 /* SuggestedSearchCellData.swift in Sources */ = {isa = PBXBuildFile; fileRef = F3E69DAA247C6DB700CE7799 /* SuggestedSearchCellData.swift */; };
		F3E69DAD247C71E200CE7799 /* SuggestedSearchCategoryData.swift in Sources */ = {isa = PBXBuildFile; fileRef = F3E69DAC247C71E200CE7799 /* SuggestedSearchCategoryData.swift */; };
		F3ED2D6423983E7B00726045 /* SettingsTableViewController.swift in Sources */ = {isa = PBXBuildFile; fileRef = F3ED2D6323983E7B00726045 /* SettingsTableViewController.swift */; };
		F3ED2D69239846DD00726045 /* SearchPlainCollectionViewCell.swift in Sources */ = {isa = PBXBuildFile; fileRef = F3ED2D68239846DD00726045 /* SearchPlainCollectionViewCell.swift */; };
		F3ED2D6C23984C9500726045 /* SearchMainViewController.swift in Sources */ = {isa = PBXBuildFile; fileRef = F3ED2D6B23984C9500726045 /* SearchMainViewController.swift */; };
		F3ED2D6E23984CB700726045 /* SearchResultsViewController.swift in Sources */ = {isa = PBXBuildFile; fileRef = F3ED2D6D23984CB700726045 /* SearchResultsViewController.swift */; };
		F3ED2D742399AEBC00726045 /* ShopViewController.swift in Sources */ = {isa = PBXBuildFile; fileRef = F3ED2D732399AEBC00726045 /* ShopViewController.swift */; };
		F3ED2D762399B31000726045 /* ShopData.swift in Sources */ = {isa = PBXBuildFile; fileRef = F3ED2D752399B31000726045 /* ShopData.swift */; };
		F3ED2D782399B33400726045 /* PromoCodeData.swift in Sources */ = {isa = PBXBuildFile; fileRef = F3ED2D772399B33400726045 /* PromoCodeData.swift */; };
		F3ED2D7A239AF8ED00726045 /* ShopPlainCollectionViewCell.swift in Sources */ = {isa = PBXBuildFile; fileRef = F3ED2D79239AF8ED00726045 /* ShopPlainCollectionViewCell.swift */; };
		F3ED2D7C239B269E00726045 /* PromocodeView.swift in Sources */ = {isa = PBXBuildFile; fileRef = F3ED2D7B239B269E00726045 /* PromocodeView.swift */; };
		F3F344582415754A005EF34C /* HomeViewModel.swift in Sources */ = {isa = PBXBuildFile; fileRef = F3F344572415754A005EF34C /* HomeViewModel.swift */; };
		F3F3445B24157C08005EF34C /* Navigator.swift in Sources */ = {isa = PBXBuildFile; fileRef = F3F3445A24157C08005EF34C /* Navigator.swift */; };
		F3F3445F2415896D005EF34C /* HomeDetailViewModel.swift in Sources */ = {isa = PBXBuildFile; fileRef = F3F3445E2415896D005EF34C /* HomeDetailViewModel.swift */; };
		F3F34462241A6660005EF34C /* ShopViewModel.swift in Sources */ = {isa = PBXBuildFile; fileRef = F3F34461241A6660005EF34C /* ShopViewModel.swift */; };
		F3F34466241E84DA005EF34C /* FavoritesViewModel.swift in Sources */ = {isa = PBXBuildFile; fileRef = F3F34465241E84DA005EF34C /* FavoritesViewModel.swift */; };
		F3F34469241FF57F005EF34C /* SearchViewModel.swift in Sources */ = {isa = PBXBuildFile; fileRef = F3F34468241FF57F005EF34C /* SearchViewModel.swift */; };
/* End PBXBuildFile section */

/* Begin PBXContainerItemProxy section */
		F35B3D3E235BAC2D000F7ED0 /* PBXContainerItemProxy */ = {
			isa = PBXContainerItemProxy;
			containerPortal = F35B3D1C235BAC25000F7ED0 /* Project object */;
			proxyType = 1;
			remoteGlobalIDString = F35B3D23235BAC25000F7ED0;
			remoteInfo = GetCoupon;
		};
		F35B3D49235BAC2D000F7ED0 /* PBXContainerItemProxy */ = {
			isa = PBXContainerItemProxy;
			containerPortal = F35B3D1C235BAC25000F7ED0 /* Project object */;
			proxyType = 1;
			remoteGlobalIDString = F35B3D23235BAC25000F7ED0;
			remoteInfo = GetCoupon;
		};
		F378A4B124D1E1D40091C95C /* PBXContainerItemProxy */ = {
			isa = PBXContainerItemProxy;
			containerPortal = F35B3D1C235BAC25000F7ED0 /* Project object */;
			proxyType = 1;
			remoteGlobalIDString = F378A4AB24D1E1D40091C95C;
			remoteInfo = GetCouponNotificationService;
		};
/* End PBXContainerItemProxy section */

/* Begin PBXCopyFilesBuildPhase section */
		F378A4B724D1E1D40091C95C /* Embed App Extensions */ = {
			isa = PBXCopyFilesBuildPhase;
			buildActionMask = 2147483647;
			dstPath = "";
			dstSubfolderSpec = 13;
			files = (
				F378A4B324D1E1D40091C95C /* GetCouponNotificationService.appex in Embed App Extensions */,
			);
			name = "Embed App Extensions";
			runOnlyForDeploymentPostprocessing = 0;
		};
/* End PBXCopyFilesBuildPhase section */

/* Begin PBXFileReference section */
		F30C418424A6B5AB005BFAA9 /* en */ = {isa = PBXFileReference; lastKnownFileType = text.plist.strings; name = en; path = en.lproj/Main.strings; sourceTree = "<group>"; };
		F30C418624A6B5B3005BFAA9 /* en */ = {isa = PBXFileReference; lastKnownFileType = text.plist.strings; name = en; path = en.lproj/LaunchScreen.strings; sourceTree = "<group>"; };
		F32C94482482F6E900649B7B /* HomeAnimatingTitleView.swift */ = {isa = PBXFileReference; lastKnownFileType = sourcecode.swift; path = HomeAnimatingTitleView.swift; sourceTree = "<group>"; };
		F32C944A24830C9200649B7B /* HomeAnimatingSubtitleView.swift */ = {isa = PBXFileReference; lastKnownFileType = sourcecode.swift; path = HomeAnimatingSubtitleView.swift; sourceTree = "<group>"; };
		F3330ECF24F1994100FC8912 /* AboutUsTableViewController.swift */ = {isa = PBXFileReference; lastKnownFileType = sourcecode.swift; path = AboutUsTableViewController.swift; sourceTree = "<group>"; };
		F336D67D24A644AD000E1796 /* en */ = {isa = PBXFileReference; lastKnownFileType = text.plist.strings; name = en; path = en.lproj/Localizable.strings; sourceTree = "<group>"; };
		F33A9F46239009C500A78A74 /* FavoritesViewController.swift */ = {isa = PBXFileReference; lastKnownFileType = sourcecode.swift; path = FavoritesViewController.swift; sourceTree = "<group>"; };
		F33A9F4A239068E200A78A74 /* FavoritesPlainCollectionViewCell.swift */ = {isa = PBXFileReference; lastKnownFileType = sourcecode.swift; path = FavoritesPlainCollectionViewCell.swift; sourceTree = "<group>"; };
		F33A9F4C239069CD00A78A74 /* FavoritesSegmentedControlCollectionViewCell.swift */ = {isa = PBXFileReference; lastKnownFileType = sourcecode.swift; path = FavoritesSegmentedControlCollectionViewCell.swift; sourceTree = "<group>"; };
		F342162624D045FF00A1C7D0 /* GetCoupon.entitlements */ = {isa = PBXFileReference; lastKnownFileType = text.plist.entitlements; path = GetCoupon.entitlements; sourceTree = "<group>"; };
		F342162824D04CAF00A1C7D0 /* NotificationProvider.swift */ = {isa = PBXFileReference; lastKnownFileType = sourcecode.swift; path = NotificationProvider.swift; sourceTree = "<group>"; };
		F34251E3239C7A1A008ABD8C /* ShopTitleCollectionViewCell.swift */ = {isa = PBXFileReference; lastKnownFileType = sourcecode.swift; path = ShopTitleCollectionViewCell.swift; sourceTree = "<group>"; };
		F34251E5239C7A35008ABD8C /* ShopDetailTitleCollectionViewCell.swift */ = {isa = PBXFileReference; lastKnownFileType = sourcecode.swift; path = ShopDetailTitleCollectionViewCell.swift; sourceTree = "<group>"; };
		F34251E7239C7D84008ABD8C /* ImageAndDescriptionUIView.swift */ = {isa = PBXFileReference; lastKnownFileType = sourcecode.swift; path = ImageAndDescriptionUIView.swift; sourceTree = "<group>"; };
		F34251E9239D7102008ABD8C /* LogoWithFavoritesButton.swift */ = {isa = PBXFileReference; lastKnownFileType = sourcecode.swift; path = LogoWithFavoritesButton.swift; sourceTree = "<group>"; };
		F34251EB239DA83E008ABD8C /* ShopCategoryData.swift */ = {isa = PBXFileReference; lastKnownFileType = sourcecode.swift; path = ShopCategoryData.swift; sourceTree = "<group>"; };
		F348666823CA6CC0004682B3 /* CacheController.swift */ = {isa = PBXFileReference; lastKnownFileType = sourcecode.swift; path = CacheController.swift; sourceTree = "<group>"; };
		F348666E23CBB5B5004682B3 /* NetworkController.swift */ = {isa = PBXFileReference; lastKnownFileType = sourcecode.swift; path = NetworkController.swift; sourceTree = "<group>"; };
		F34C575B2437B262004A03B3 /* CouponPopupView.swift */ = {isa = PBXFileReference; lastKnownFileType = sourcecode.swift; path = CouponPopupView.swift; sourceTree = "<group>"; };
		F34F074524A6AD9D0039C056 /* uk */ = {isa = PBXFileReference; lastKnownFileType = text.plist.strings; name = uk; path = uk.lproj/LaunchScreen.strings; sourceTree = "<group>"; };
		F34F074724A6AD9E0039C056 /* uk */ = {isa = PBXFileReference; lastKnownFileType = text.plist.strings; name = uk; path = uk.lproj/Localizable.strings; sourceTree = "<group>"; };
		F34F074824A6ADEC0039C056 /* ru */ = {isa = PBXFileReference; lastKnownFileType = text.plist.strings; name = ru; path = ru.lproj/LaunchScreen.strings; sourceTree = "<group>"; };
		F34F074A24A6AE0E0039C056 /* ru */ = {isa = PBXFileReference; lastKnownFileType = text.plist.strings; name = ru; path = ru.lproj/Localizable.strings; sourceTree = "<group>"; };
		F3508E7B24A6C48700A3586F /* Settings.storyboard */ = {isa = PBXFileReference; fileEncoding = 4; lastKnownFileType = file.storyboard; path = Settings.storyboard; sourceTree = "<group>"; };
		F353624E23CE09BC003D7BAB /* NetworkShopData.swift */ = {isa = PBXFileReference; lastKnownFileType = sourcecode.swift; path = NetworkShopData.swift; sourceTree = "<group>"; };
		F353625023CE09D8003D7BAB /* NetworkPromoCodeData.swift */ = {isa = PBXFileReference; lastKnownFileType = sourcecode.swift; path = NetworkPromoCodeData.swift; sourceTree = "<group>"; };
		F353625223CE09EC003D7BAB /* NetworkShopCategoryData.swift */ = {isa = PBXFileReference; lastKnownFileType = sourcecode.swift; path = NetworkShopCategoryData.swift; sourceTree = "<group>"; };
		F35B3D24235BAC25000F7ED0 /* GetCoupon.app */ = {isa = PBXFileReference; explicitFileType = wrapper.application; includeInIndex = 0; path = GetCoupon.app; sourceTree = BUILT_PRODUCTS_DIR; };
		F35B3D27235BAC25000F7ED0 /* AppDelegate.swift */ = {isa = PBXFileReference; lastKnownFileType = sourcecode.swift; path = AppDelegate.swift; sourceTree = "<group>"; };
		F35B3D29235BAC25000F7ED0 /* SceneDelegate.swift */ = {isa = PBXFileReference; lastKnownFileType = sourcecode.swift; path = SceneDelegate.swift; sourceTree = "<group>"; };
		F35B3D2B235BAC25000F7ED0 /* ViewController.swift */ = {isa = PBXFileReference; lastKnownFileType = sourcecode.swift; path = ViewController.swift; sourceTree = "<group>"; };
		F35B3D2E235BAC25000F7ED0 /* Base */ = {isa = PBXFileReference; lastKnownFileType = file.storyboard; name = Base; path = Base.lproj/Main.storyboard; sourceTree = "<group>"; };
		F35B3D33235BAC2D000F7ED0 /* Assets.xcassets */ = {isa = PBXFileReference; lastKnownFileType = folder.assetcatalog; path = Assets.xcassets; sourceTree = "<group>"; };
		F35B3D36235BAC2D000F7ED0 /* Base */ = {isa = PBXFileReference; lastKnownFileType = file.storyboard; name = Base; path = Base.lproj/LaunchScreen.storyboard; sourceTree = "<group>"; };
		F35B3D3D235BAC2D000F7ED0 /* GetCouponTests.xctest */ = {isa = PBXFileReference; explicitFileType = wrapper.cfbundle; includeInIndex = 0; path = GetCouponTests.xctest; sourceTree = BUILT_PRODUCTS_DIR; };
		F35B3D41235BAC2D000F7ED0 /* GetCouponTests.swift */ = {isa = PBXFileReference; lastKnownFileType = sourcecode.swift; path = GetCouponTests.swift; sourceTree = "<group>"; };
		F35B3D43235BAC2D000F7ED0 /* Info.plist */ = {isa = PBXFileReference; lastKnownFileType = text.plist.xml; path = Info.plist; sourceTree = "<group>"; };
		F35B3D48235BAC2D000F7ED0 /* GetCouponUITests.xctest */ = {isa = PBXFileReference; explicitFileType = wrapper.cfbundle; includeInIndex = 0; path = GetCouponUITests.xctest; sourceTree = BUILT_PRODUCTS_DIR; };
		F35B3D4C235BAC2D000F7ED0 /* GetCouponUITests.swift */ = {isa = PBXFileReference; lastKnownFileType = sourcecode.swift; path = GetCouponUITests.swift; sourceTree = "<group>"; };
		F35B3D4E235BAC2D000F7ED0 /* Info.plist */ = {isa = PBXFileReference; lastKnownFileType = text.plist.xml; path = Info.plist; sourceTree = "<group>"; };
		F35B3D5F235BB2D4000F7ED0 /* Favourites.storyboard */ = {isa = PBXFileReference; lastKnownFileType = file.storyboard; path = Favourites.storyboard; sourceTree = "<group>"; };
		F35B3D61235BB2F5000F7ED0 /* Home.storyboard */ = {isa = PBXFileReference; lastKnownFileType = file.storyboard; path = Home.storyboard; sourceTree = "<group>"; };
		F35B3D63235BB37B000F7ED0 /* Search.storyboard */ = {isa = PBXFileReference; lastKnownFileType = file.storyboard; path = Search.storyboard; sourceTree = "<group>"; };
		F35C081723946EB60047A85D /* SearchCollectionViewCell.swift */ = {isa = PBXFileReference; lastKnownFileType = sourcecode.swift; path = SearchCollectionViewCell.swift; sourceTree = "<group>"; };
		F35C65202384A03600E67B26 /* HomeCaptionImageCollectionViewCell.swift */ = {isa = PBXFileReference; lastKnownFileType = sourcecode.swift; path = HomeCaptionImageCollectionViewCell.swift; sourceTree = "<group>"; };
		F35EE48924576B5000430002 /* UserDefaultKeys.swift */ = {isa = PBXFileReference; lastKnownFileType = sourcecode.swift; path = UserDefaultKeys.swift; sourceTree = "<group>"; };
		F363B6CB24B1257C00F6BA24 /* OnboardingViewController.swift */ = {isa = PBXFileReference; lastKnownFileType = sourcecode.swift; path = OnboardingViewController.swift; sourceTree = "<group>"; };
		F363B6D124B15D3100F6BA24 /* NextButton.swift */ = {isa = PBXFileReference; lastKnownFileType = sourcecode.swift; path = NextButton.swift; sourceTree = "<group>"; };
		F363B6D724B1634200F6BA24 /* ru */ = {isa = PBXFileReference; lastKnownFileType = text.plist.strings; name = ru; path = ru.lproj/Onboarding.strings; sourceTree = "<group>"; };
		F363B6D924B1634600F6BA24 /* uk */ = {isa = PBXFileReference; lastKnownFileType = text.plist.strings; name = uk; path = uk.lproj/Onboarding.strings; sourceTree = "<group>"; };
		F363B6DA24B1648200F6BA24 /* Base */ = {isa = PBXFileReference; lastKnownFileType = file.storyboard; name = Base; path = Base.lproj/Onboarding.storyboard; sourceTree = "<group>"; };
		F363B6DB24B1654F00F6BA24 /* en */ = {isa = PBXFileReference; lastKnownFileType = text.plist.strings; name = en; path = en.lproj/Onboarding.strings; sourceTree = "<group>"; };
		F363B6DC24B25C4700F6BA24 /* OnboardingCollectionViewCell.swift */ = {isa = PBXFileReference; lastKnownFileType = sourcecode.swift; path = OnboardingCollectionViewCell.swift; sourceTree = "<group>"; };
		F363B6DF24B3B04300F6BA24 /* Trie.swift */ = {isa = PBXFileReference; lastKnownFileType = sourcecode.swift; path = Trie.swift; sourceTree = "<group>"; };
		F363B6E124B3B04F00F6BA24 /* TrieNode.swift */ = {isa = PBXFileReference; lastKnownFileType = sourcecode.swift; path = TrieNode.swift; sourceTree = "<group>"; };
		F363B6E324B4EFA100F6BA24 /* LocalizationProvider.swift */ = {isa = PBXFileReference; lastKnownFileType = sourcecode.swift; path = LocalizationProvider.swift; sourceTree = "<group>"; };
		F363B6E824B5184E00F6BA24 /* ru */ = {isa = PBXFileReference; lastKnownFileType = text.plist.stringsdict; name = ru; path = ru.lproj/Localizable.stringsdict; sourceTree = "<group>"; };
		F363B6EA24B524B900F6BA24 /* uk */ = {isa = PBXFileReference; lastKnownFileType = text.plist.stringsdict; name = uk; path = uk.lproj/Localizable.stringsdict; sourceTree = "<group>"; };
		F363B6EB24B524BB00F6BA24 /* en */ = {isa = PBXFileReference; lastKnownFileType = text.plist.stringsdict; name = en; path = en.lproj/Localizable.stringsdict; sourceTree = "<group>"; };
		F363B6EC24B52F5E00F6BA24 /* ServerData.swift */ = {isa = PBXFileReference; lastKnownFileType = sourcecode.swift; path = ServerData.swift; sourceTree = "<group>"; };
		F363B6EE24B5361500F6BA24 /* ServersPack.swift */ = {isa = PBXFileReference; lastKnownFileType = sourcecode.swift; path = ServersPack.swift; sourceTree = "<group>"; };
		F363B6FA24BA37C700F6BA24 /* en */ = {isa = PBXFileReference; lastKnownFileType = text.plist.strings; name = en; path = en.lproj/InfoPlist.strings; sourceTree = "<group>"; };
		F363B6FC24BA37C800F6BA24 /* ru */ = {isa = PBXFileReference; lastKnownFileType = text.plist.strings; name = ru; path = ru.lproj/InfoPlist.strings; sourceTree = "<group>"; };
		F363B6FD24BA37C900F6BA24 /* uk */ = {isa = PBXFileReference; lastKnownFileType = text.plist.strings; name = uk; path = uk.lproj/InfoPlist.strings; sourceTree = "<group>"; };
		F363B6FE24BA388E00F6BA24 /* Info.plist */ = {isa = PBXFileReference; fileEncoding = 4; lastKnownFileType = text.plist.xml; path = Info.plist; sourceTree = "<group>"; };
		F363B70024BA3E8400F6BA24 /* TabBarViewController.swift */ = {isa = PBXFileReference; lastKnownFileType = sourcecode.swift; path = TabBarViewController.swift; sourceTree = "<group>"; };
		F363B70224BA583B00F6BA24 /* ru */ = {isa = PBXFileReference; lastKnownFileType = text.plist.strings; name = ru; path = ru.lproj/Main.strings; sourceTree = "<group>"; };
		F363B70324BA584200F6BA24 /* uk */ = {isa = PBXFileReference; lastKnownFileType = text.plist.strings; name = uk; path = uk.lproj/Main.strings; sourceTree = "<group>"; };
		F364721D24A6C6A60078A286 /* Base */ = {isa = PBXFileReference; lastKnownFileType = file.storyboard; name = Base; path = Base.lproj/SettingsTermsOfService.storyboard; sourceTree = "<group>"; };
		F364722024A6C6AC0078A286 /* en */ = {isa = PBXFileReference; lastKnownFileType = text.plist.strings; name = en; path = en.lproj/SettingsTermsOfService.strings; sourceTree = "<group>"; };
		F364722224A6C6AF0078A286 /* ru */ = {isa = PBXFileReference; lastKnownFileType = text.plist.strings; name = ru; path = ru.lproj/SettingsTermsOfService.strings; sourceTree = "<group>"; };
		F364722424A6C6B00078A286 /* uk */ = {isa = PBXFileReference; lastKnownFileType = text.plist.strings; name = uk; path = uk.lproj/SettingsTermsOfService.strings; sourceTree = "<group>"; };
		F364722624A6C6E80078A286 /* Base */ = {isa = PBXFileReference; lastKnownFileType = file.storyboard; name = Base; path = Base.lproj/SettingsFeedbackScreen.storyboard; sourceTree = "<group>"; };
		F364722924A6C6EC0078A286 /* en */ = {isa = PBXFileReference; lastKnownFileType = text.plist.strings; name = en; path = en.lproj/SettingsFeedbackScreen.strings; sourceTree = "<group>"; };
		F364722B24A6C6EE0078A286 /* ru */ = {isa = PBXFileReference; lastKnownFileType = text.plist.strings; name = ru; path = ru.lproj/SettingsFeedbackScreen.strings; sourceTree = "<group>"; };
		F364722D24A6C6EF0078A286 /* uk */ = {isa = PBXFileReference; lastKnownFileType = text.plist.strings; name = uk; path = uk.lproj/SettingsFeedbackScreen.strings; sourceTree = "<group>"; };
		F37612532461E646007EB465 /* PromocodeView+Animations.swift */ = {isa = PBXFileReference; lastKnownFileType = sourcecode.swift; path = "PromocodeView+Animations.swift"; sourceTree = "<group>"; };
		F378A4AC24D1E1D40091C95C /* GetCouponNotificationService.appex */ = {isa = PBXFileReference; explicitFileType = "wrapper.app-extension"; includeInIndex = 0; path = GetCouponNotificationService.appex; sourceTree = BUILT_PRODUCTS_DIR; };
		F378A4AE24D1E1D40091C95C /* NotificationService.swift */ = {isa = PBXFileReference; lastKnownFileType = sourcecode.swift; path = NotificationService.swift; sourceTree = "<group>"; };
		F378A4B024D1E1D40091C95C /* Info.plist */ = {isa = PBXFileReference; lastKnownFileType = text.plist.xml; path = Info.plist; sourceTree = "<group>"; };
		F378A4BF24D208A70091C95C /* PushConfiguration.swift */ = {isa = PBXFileReference; lastKnownFileType = sourcecode.swift; path = PushConfiguration.swift; sourceTree = "<group>"; };
		F37D66D324BF7C2C0031B086 /* EmptyFavoritesView.swift */ = {isa = PBXFileReference; lastKnownFileType = sourcecode.swift; path = EmptyFavoritesView.swift; sourceTree = "<group>"; };
		F380F9D824F1673200FD2156 /* SettingsAboutUsScreen.storyboard */ = {isa = PBXFileReference; lastKnownFileType = file.storyboard; path = SettingsAboutUsScreen.storyboard; sourceTree = "<group>"; };
		F380F9DC24F190AA00FD2156 /* AboutLogoPreviewTableViewCell.swift */ = {isa = PBXFileReference; lastKnownFileType = sourcecode.swift; path = AboutLogoPreviewTableViewCell.swift; sourceTree = "<group>"; };
		F3888C94244F7009002B6115 /* FeedbackViewController.swift */ = {isa = PBXFileReference; lastKnownFileType = sourcecode.swift; path = FeedbackViewController.swift; sourceTree = "<group>"; };
		F3888C972454D88F002B6115 /* FeedbackViewModel.swift */ = {isa = PBXFileReference; lastKnownFileType = sourcecode.swift; path = FeedbackViewModel.swift; sourceTree = "<group>"; };
		F3888C9B2454E521002B6115 /* SettingsViewModel.swift */ = {isa = PBXFileReference; lastKnownFileType = sourcecode.swift; path = SettingsViewModel.swift; sourceTree = "<group>"; };
		F38F7A4723CA563100AAC409 /* ShopCategoryStoredData.swift */ = {isa = PBXFileReference; lastKnownFileType = sourcecode.swift; path = ShopCategoryStoredData.swift; sourceTree = "<group>"; };
		F38F7A4923CA564200AAC409 /* ShopStoredData.swift */ = {isa = PBXFileReference; lastKnownFileType = sourcecode.swift; path = ShopStoredData.swift; sourceTree = "<group>"; };
		F38F7A4B23CA566200AAC409 /* PromoCodeStoredData.swift */ = {isa = PBXFileReference; lastKnownFileType = sourcecode.swift; path = PromoCodeStoredData.swift; sourceTree = "<group>"; };
		F39C02EC24803193005C2BDB /* AdvertisingImageCollectionViewCell.swift */ = {isa = PBXFileReference; lastKnownFileType = sourcecode.swift; path = AdvertisingImageCollectionViewCell.swift; sourceTree = "<group>"; };
		F39C02EF24804AA8005C2BDB /* AdvertisingCategoryData.swift */ = {isa = PBXFileReference; lastKnownFileType = sourcecode.swift; path = AdvertisingCategoryData.swift; sourceTree = "<group>"; };
		F39C02F124804AB6005C2BDB /* AdvertisingCellData.swift */ = {isa = PBXFileReference; lastKnownFileType = sourcecode.swift; path = AdvertisingCellData.swift; sourceTree = "<group>"; };
		F3A4B1A5239709F400A47053 /* HomeDetailSegmentedControlCollectionViewCell.swift */ = {isa = PBXFileReference; lastKnownFileType = sourcecode.swift; path = HomeDetailSegmentedControlCollectionViewCell.swift; sourceTree = "<group>"; };
		F3B804022380578A00481152 /* HomeCardCollectionViewCell.swift */ = {isa = PBXFileReference; lastKnownFileType = sourcecode.swift; path = HomeCardCollectionViewCell.swift; sourceTree = "<group>"; };
		F3B80404238063A100481152 /* HomeViewController.swift */ = {isa = PBXFileReference; lastKnownFileType = sourcecode.swift; path = HomeViewController.swift; sourceTree = "<group>"; };
		F3B804062380647000481152 /* HomeDataController.swift */ = {isa = PBXFileReference; lastKnownFileType = sourcecode.swift; path = HomeDataController.swift; sourceTree = "<group>"; };
		F3B8040E2380816F00481152 /* TitleSupplementaryView.swift */ = {isa = PBXFileReference; lastKnownFileType = sourcecode.swift; path = TitleSupplementaryView.swift; sourceTree = "<group>"; };
		F3BF6B9D247EF126003C184B /* CellWithImageProtocol.swift */ = {isa = PBXFileReference; lastKnownFileType = sourcecode.swift; path = CellWithImageProtocol.swift; sourceTree = "<group>"; };
		F3BF6B9F247EF73C003C184B /* SearchSuggestionCollectionViewCell.swift */ = {isa = PBXFileReference; lastKnownFileType = sourcecode.swift; path = SearchSuggestionCollectionViewCell.swift; sourceTree = "<group>"; };
		F3CE061524A00BB3007620A4 /* NetworkAdvertisingCategoryData.swift */ = {isa = PBXFileReference; lastKnownFileType = sourcecode.swift; path = NetworkAdvertisingCategoryData.swift; sourceTree = "<group>"; };
		F3CE061724A00BF4007620A4 /* NetworkAdvertisingCellData.swift */ = {isa = PBXFileReference; lastKnownFileType = sourcecode.swift; path = NetworkAdvertisingCellData.swift; sourceTree = "<group>"; };
		F3CE061924A63BB2007620A4 /* AdvertisingMarkView.swift */ = {isa = PBXFileReference; lastKnownFileType = sourcecode.swift; path = AdvertisingMarkView.swift; sourceTree = "<group>"; };
		F3D9DC8A2446463B00EAEDE1 /* SettingsTextAndAccessoryTableViewCell.swift */ = {isa = PBXFileReference; lastKnownFileType = sourcecode.swift; path = SettingsTextAndAccessoryTableViewCell.swift; sourceTree = "<group>"; };
		F3D9DC8C24464DF300EAEDE1 /* SettingsTextAndSwitchTableViewCell.swift */ = {isa = PBXFileReference; lastKnownFileType = sourcecode.swift; path = SettingsTextAndSwitchTableViewCell.swift; sourceTree = "<group>"; };
		F3D9DC8E2446555700EAEDE1 /* SettingsDoubleTextAndAccessoryTableViewCell.swift */ = {isa = PBXFileReference; lastKnownFileType = sourcecode.swift; path = SettingsDoubleTextAndAccessoryTableViewCell.swift; sourceTree = "<group>"; };
		F3D9DC9024465BF400EAEDE1 /* SettingsDoubleTextAndSwitchTableViewCell.swift */ = {isa = PBXFileReference; lastKnownFileType = sourcecode.swift; path = SettingsDoubleTextAndSwitchTableViewCell.swift; sourceTree = "<group>"; };
		F3D9DC942447970A00EAEDE1 /* TermsOfSeviceViewController.swift */ = {isa = PBXFileReference; lastKnownFileType = sourcecode.swift; path = TermsOfSeviceViewController.swift; sourceTree = "<group>"; };
		F3E0AEAE2385DBC70063E2C8 /* ShowMoreUIButton.swift */ = {isa = PBXFileReference; lastKnownFileType = sourcecode.swift; path = ShowMoreUIButton.swift; sourceTree = "<group>"; };
		F3E0AEB0238804A10063E2C8 /* HomeDetailViewController.swift */ = {isa = PBXFileReference; lastKnownFileType = sourcecode.swift; path = HomeDetailViewController.swift; sourceTree = "<group>"; };
		F3E0AEB4238882490063E2C8 /* HomeDetailCollectionViewCell.swift */ = {isa = PBXFileReference; lastKnownFileType = sourcecode.swift; path = HomeDetailCollectionViewCell.swift; sourceTree = "<group>"; };
		F3E0AEB8238A0B060063E2C8 /* LikeImageView.swift */ = {isa = PBXFileReference; lastKnownFileType = sourcecode.swift; path = LikeImageView.swift; sourceTree = "<group>"; };
		F3E0AEBA238C69350063E2C8 /* ModelController.swift */ = {isa = PBXFileReference; lastKnownFileType = sourcecode.swift; path = ModelController.swift; sourceTree = "<group>"; };
		F3E0AEBD238C6A0E0063E2C8 /* FavoritesDataController.swift */ = {isa = PBXFileReference; lastKnownFileType = sourcecode.swift; path = FavoritesDataController.swift; sourceTree = "<group>"; };
		F3E0AEBF238C868C0063E2C8 /* AddToFavoritesButton.swift */ = {isa = PBXFileReference; lastKnownFileType = sourcecode.swift; path = AddToFavoritesButton.swift; sourceTree = "<group>"; };
		F3E69DA8247C518B00CE7799 /* SearchResultsViewModel.swift */ = {isa = PBXFileReference; lastKnownFileType = sourcecode.swift; path = SearchResultsViewModel.swift; sourceTree = "<group>"; };
		F3E69DAA247C6DB700CE7799 /* SuggestedSearchCellData.swift */ = {isa = PBXFileReference; lastKnownFileType = sourcecode.swift; path = SuggestedSearchCellData.swift; sourceTree = "<group>"; };
		F3E69DAC247C71E200CE7799 /* SuggestedSearchCategoryData.swift */ = {isa = PBXFileReference; lastKnownFileType = sourcecode.swift; path = SuggestedSearchCategoryData.swift; sourceTree = "<group>"; };
		F3ED2D6323983E7B00726045 /* SettingsTableViewController.swift */ = {isa = PBXFileReference; lastKnownFileType = sourcecode.swift; path = SettingsTableViewController.swift; sourceTree = "<group>"; };
		F3ED2D68239846DD00726045 /* SearchPlainCollectionViewCell.swift */ = {isa = PBXFileReference; lastKnownFileType = sourcecode.swift; path = SearchPlainCollectionViewCell.swift; sourceTree = "<group>"; };
		F3ED2D6B23984C9500726045 /* SearchMainViewController.swift */ = {isa = PBXFileReference; lastKnownFileType = sourcecode.swift; path = SearchMainViewController.swift; sourceTree = "<group>"; };
		F3ED2D6D23984CB700726045 /* SearchResultsViewController.swift */ = {isa = PBXFileReference; lastKnownFileType = sourcecode.swift; path = SearchResultsViewController.swift; sourceTree = "<group>"; };
		F3ED2D732399AEBC00726045 /* ShopViewController.swift */ = {isa = PBXFileReference; lastKnownFileType = sourcecode.swift; path = ShopViewController.swift; sourceTree = "<group>"; };
		F3ED2D752399B31000726045 /* ShopData.swift */ = {isa = PBXFileReference; lastKnownFileType = sourcecode.swift; path = ShopData.swift; sourceTree = "<group>"; };
		F3ED2D772399B33400726045 /* PromoCodeData.swift */ = {isa = PBXFileReference; lastKnownFileType = sourcecode.swift; path = PromoCodeData.swift; sourceTree = "<group>"; };
		F3ED2D79239AF8ED00726045 /* ShopPlainCollectionViewCell.swift */ = {isa = PBXFileReference; lastKnownFileType = sourcecode.swift; path = ShopPlainCollectionViewCell.swift; sourceTree = "<group>"; };
		F3ED2D7B239B269E00726045 /* PromocodeView.swift */ = {isa = PBXFileReference; lastKnownFileType = sourcecode.swift; path = PromocodeView.swift; sourceTree = "<group>"; };
		F3F344572415754A005EF34C /* HomeViewModel.swift */ = {isa = PBXFileReference; lastKnownFileType = sourcecode.swift; path = HomeViewModel.swift; sourceTree = "<group>"; };
		F3F3445A24157C08005EF34C /* Navigator.swift */ = {isa = PBXFileReference; lastKnownFileType = sourcecode.swift; path = Navigator.swift; sourceTree = "<group>"; };
		F3F3445E2415896D005EF34C /* HomeDetailViewModel.swift */ = {isa = PBXFileReference; lastKnownFileType = sourcecode.swift; path = HomeDetailViewModel.swift; sourceTree = "<group>"; };
		F3F34461241A6660005EF34C /* ShopViewModel.swift */ = {isa = PBXFileReference; lastKnownFileType = sourcecode.swift; path = ShopViewModel.swift; sourceTree = "<group>"; };
		F3F34465241E84DA005EF34C /* FavoritesViewModel.swift */ = {isa = PBXFileReference; lastKnownFileType = sourcecode.swift; path = FavoritesViewModel.swift; sourceTree = "<group>"; };
		F3F34468241FF57F005EF34C /* SearchViewModel.swift */ = {isa = PBXFileReference; lastKnownFileType = sourcecode.swift; path = SearchViewModel.swift; sourceTree = "<group>"; };
/* End PBXFileReference section */

/* Begin PBXFrameworksBuildPhase section */
		F35B3D21235BAC25000F7ED0 /* Frameworks */ = {
			isa = PBXFrameworksBuildPhase;
			buildActionMask = 2147483647;
			files = (
				F371E47E242640D200301D5E /* RxCocoa in Frameworks */,
				F371E47C242640D200301D5E /* RxRelay in Frameworks */,
				F371E4832426415100301D5E /* Realm in Frameworks */,
				F371E4852426415100301D5E /* RealmSwift in Frameworks */,
				F371E478242640D200301D5E /* RxSwift in Frameworks */,
			);
			runOnlyForDeploymentPostprocessing = 0;
		};
		F35B3D3A235BAC2D000F7ED0 /* Frameworks */ = {
			isa = PBXFrameworksBuildPhase;
			buildActionMask = 2147483647;
			files = (
				F371E47A242640D200301D5E /* RxTest in Frameworks */,
				F371E480242640D200301D5E /* RxBlocking in Frameworks */,
			);
			runOnlyForDeploymentPostprocessing = 0;
		};
		F35B3D45235BAC2D000F7ED0 /* Frameworks */ = {
			isa = PBXFrameworksBuildPhase;
			buildActionMask = 2147483647;
			files = (
			);
			runOnlyForDeploymentPostprocessing = 0;
		};
		F378A4A924D1E1D40091C95C /* Frameworks */ = {
			isa = PBXFrameworksBuildPhase;
			buildActionMask = 2147483647;
			files = (
			);
			runOnlyForDeploymentPostprocessing = 0;
		};
/* End PBXFrameworksBuildPhase section */

/* Begin PBXGroup section */
		F336D67924A6442F000E1796 /* Locale */ = {
			isa = PBXGroup;
			children = (
				F363B6E324B4EFA100F6BA24 /* LocalizationProvider.swift */,
				F336D67E24A644AD000E1796 /* Localizable.strings */,
				F363B6E924B5184E00F6BA24 /* Localizable.stringsdict */,
				F363B6FB24BA37C700F6BA24 /* InfoPlist.strings */,
			);
			path = Locale;
			sourceTree = "<group>";
		};
		F33A9F452390097100A78A74 /* FavoritesControllers */ = {
			isa = PBXGroup;
			children = (
				F3E0AEBD238C6A0E0063E2C8 /* FavoritesDataController.swift */,
				F33A9F46239009C500A78A74 /* FavoritesViewController.swift */,
			);
			path = FavoritesControllers;
			sourceTree = "<group>";
		};
		F33A9F482390688F00A78A74 /* HomeViews */ = {
			isa = PBXGroup;
			children = (
				F3B804022380578A00481152 /* HomeCardCollectionViewCell.swift */,
				F35C65202384A03600E67B26 /* HomeCaptionImageCollectionViewCell.swift */,
				F3E0AEB4238882490063E2C8 /* HomeDetailCollectionViewCell.swift */,
				F3A4B1A5239709F400A47053 /* HomeDetailSegmentedControlCollectionViewCell.swift */,
				F32C94482482F6E900649B7B /* HomeAnimatingTitleView.swift */,
				F32C944A24830C9200649B7B /* HomeAnimatingSubtitleView.swift */,
			);
			path = HomeViews;
			sourceTree = "<group>";
		};
		F33A9F49239068B800A78A74 /* FavoritesViews */ = {
			isa = PBXGroup;
			children = (
				F33A9F4A239068E200A78A74 /* FavoritesPlainCollectionViewCell.swift */,
				F33A9F4C239069CD00A78A74 /* FavoritesSegmentedControlCollectionViewCell.swift */,
				F37D66D324BF7C2C0031B086 /* EmptyFavoritesView.swift */,
			);
			path = FavoritesViews;
			sourceTree = "<group>";
		};
		F34C57582437A1F2004A03B3 /* CouponView */ = {
			isa = PBXGroup;
			children = (
				F34C575B2437B262004A03B3 /* CouponPopupView.swift */,
				F37612532461E646007EB465 /* PromocodeView+Animations.swift */,
			);
			path = CouponView;
			sourceTree = "<group>";
		};
		F353624B23CE06A2003D7BAB /* Network */ = {
			isa = PBXGroup;
			children = (
				F348666E23CBB5B5004682B3 /* NetworkController.swift */,
				F363B6EC24B52F5E00F6BA24 /* ServerData.swift */,
				F363B6EE24B5361500F6BA24 /* ServersPack.swift */,
			);
			path = Network;
			sourceTree = "<group>";
		};
		F353624D23CE0700003D7BAB /* ViewData */ = {
			isa = PBXGroup;
			children = (
				F3ED2D772399B33400726045 /* PromoCodeData.swift */,
				F3ED2D752399B31000726045 /* ShopData.swift */,
				F34251EB239DA83E008ABD8C /* ShopCategoryData.swift */,
				F3E69DAA247C6DB700CE7799 /* SuggestedSearchCellData.swift */,
				F3E69DAC247C71E200CE7799 /* SuggestedSearchCategoryData.swift */,
			);
			path = ViewData;
			sourceTree = "<group>";
		};
		F35B3D1B235BAC25000F7ED0 = {
			isa = PBXGroup;
			children = (
				F35B3D26235BAC25000F7ED0 /* GetCoupon */,
				F336D67924A6442F000E1796 /* Locale */,
				F378A4BE24D206860091C95C /* Notifications */,
				F378A4AD24D1E1D40091C95C /* GetCouponNotificationService */,
				F3E0AEB3238881CE0063E2C8 /* Views */,
				F353624B23CE06A2003D7BAB /* Network */,
				F35B3D5C235BACB8000F7ED0 /* Data */,
				F3F3445924157BEE005EF34C /* Navigation */,
				F3ED2D722399AE6600726045 /* ShopControllers */,
				F3F34460241A663B005EF34C /* ShopViewModels */,
				F35B3D5A235BAC82000F7ED0 /* HomeControllers */,
				F3F344562415750D005EF34C /* HomeViewModels */,
				F33A9F452390097100A78A74 /* FavoritesControllers */,
				F3F34464241E8492005EF34C /* FavoritesViewModel */,
				F3ED2D652398417200726045 /* SearchControllers */,
				F3F34467241FF55C005EF34C /* SearchViewModel */,
				F3ED2D6223983DFD00726045 /* SettingsControllers */,
				F3888C962454D86A002B6115 /* SettingViewModels */,
				F363B6CA24B1254C00F6BA24 /* OnboardingViewController */,
				F35B3D5B235BACA5000F7ED0 /* StoryBoards */,
				F35B3D40235BAC2D000F7ED0 /* GetCouponTests */,
				F35B3D4B235BAC2D000F7ED0 /* GetCouponUITests */,
				F35B3D25235BAC25000F7ED0 /* Products */,
			);
			sourceTree = "<group>";
		};
		F35B3D25235BAC25000F7ED0 /* Products */ = {
			isa = PBXGroup;
			children = (
				F35B3D24235BAC25000F7ED0 /* GetCoupon.app */,
				F35B3D3D235BAC2D000F7ED0 /* GetCouponTests.xctest */,
				F35B3D48235BAC2D000F7ED0 /* GetCouponUITests.xctest */,
				F378A4AC24D1E1D40091C95C /* GetCouponNotificationService.appex */,
			);
			name = Products;
			sourceTree = "<group>";
		};
		F35B3D26235BAC25000F7ED0 /* GetCoupon */ = {
			isa = PBXGroup;
			children = (
				F342162624D045FF00A1C7D0 /* GetCoupon.entitlements */,
				F35B3D27235BAC25000F7ED0 /* AppDelegate.swift */,
				F35B3D29235BAC25000F7ED0 /* SceneDelegate.swift */,
				F35B3D2B235BAC25000F7ED0 /* ViewController.swift */,
				F35B3D33235BAC2D000F7ED0 /* Assets.xcassets */,
				F363B6FE24BA388E00F6BA24 /* Info.plist */,
			);
			path = GetCoupon;
			sourceTree = "<group>";
		};
		F35B3D40235BAC2D000F7ED0 /* GetCouponTests */ = {
			isa = PBXGroup;
			children = (
				F35B3D41235BAC2D000F7ED0 /* GetCouponTests.swift */,
				F35B3D43235BAC2D000F7ED0 /* Info.plist */,
			);
			path = GetCouponTests;
			sourceTree = "<group>";
		};
		F35B3D4B235BAC2D000F7ED0 /* GetCouponUITests */ = {
			isa = PBXGroup;
			children = (
				F35B3D4C235BAC2D000F7ED0 /* GetCouponUITests.swift */,
				F35B3D4E235BAC2D000F7ED0 /* Info.plist */,
			);
			path = GetCouponUITests;
			sourceTree = "<group>";
		};
		F35B3D5A235BAC82000F7ED0 /* HomeControllers */ = {
			isa = PBXGroup;
			children = (
				F3B804062380647000481152 /* HomeDataController.swift */,
				F3B80404238063A100481152 /* HomeViewController.swift */,
				F3E0AEB0238804A10063E2C8 /* HomeDetailViewController.swift */,
			);
			path = HomeControllers;
			sourceTree = "<group>";
		};
		F35B3D5B235BACA5000F7ED0 /* StoryBoards */ = {
			isa = PBXGroup;
			children = (
				F35B3D35235BAC2D000F7ED0 /* LaunchScreen.storyboard */,
				F37A45F224AA2CD600569A92 /* Onboarding */,
				F37A45F024AA2C7200569A92 /* Main */,
				F37A45F124AA2CA800569A92 /* Settings */,
			);
			path = StoryBoards;
			sourceTree = "<group>";
		};
		F35B3D5C235BACB8000F7ED0 /* Data */ = {
			isa = PBXGroup;
			children = (
				F348666823CA6CC0004682B3 /* CacheController.swift */,
				F3E0AEBA238C69350063E2C8 /* ModelController.swift */,
				F35EE48924576B5000430002 /* UserDefaultKeys.swift */,
				F3CE061224A00B29007620A4 /* NetworkData */,
				F39C02EE24804A83005C2BDB /* AdvertisingData */,
				F38F7A4623CA560500AAC409 /* StoredData */,
				F353624D23CE0700003D7BAB /* ViewData */,
			);
			path = Data;
			sourceTree = "<group>";
		};
		F363B6CA24B1254C00F6BA24 /* OnboardingViewController */ = {
			isa = PBXGroup;
			children = (
				F363B6CB24B1257C00F6BA24 /* OnboardingViewController.swift */,
				F363B6D124B15D3100F6BA24 /* NextButton.swift */,
				F363B6DC24B25C4700F6BA24 /* OnboardingCollectionViewCell.swift */,
			);
			path = OnboardingViewController;
			sourceTree = "<group>";
		};
		F363B6DE24B3B03100F6BA24 /* Trie */ = {
			isa = PBXGroup;
			children = (
				F363B6DF24B3B04300F6BA24 /* Trie.swift */,
				F363B6E124B3B04F00F6BA24 /* TrieNode.swift */,
			);
			path = Trie;
			sourceTree = "<group>";
		};
		F378A4AD24D1E1D40091C95C /* GetCouponNotificationService */ = {
			isa = PBXGroup;
			children = (
				F378A4AE24D1E1D40091C95C /* NotificationService.swift */,
				F378A4B024D1E1D40091C95C /* Info.plist */,
			);
			path = GetCouponNotificationService;
			sourceTree = "<group>";
		};
		F378A4BE24D206860091C95C /* Notifications */ = {
			isa = PBXGroup;
			children = (
				F342162824D04CAF00A1C7D0 /* NotificationProvider.swift */,
				F378A4BF24D208A70091C95C /* PushConfiguration.swift */,
			);
			path = Notifications;
			sourceTree = "<group>";
		};
		F37A45F024AA2C7200569A92 /* Main */ = {
			isa = PBXGroup;
			children = (
				F35B3D2D235BAC25000F7ED0 /* Main.storyboard */,
				F35B3D61235BB2F5000F7ED0 /* Home.storyboard */,
				F35B3D5F235BB2D4000F7ED0 /* Favourites.storyboard */,
				F35B3D63235BB37B000F7ED0 /* Search.storyboard */,
			);
			path = Main;
			sourceTree = "<group>";
		};
		F37A45F124AA2CA800569A92 /* Settings */ = {
			isa = PBXGroup;
			children = (
				F3508E7B24A6C48700A3586F /* Settings.storyboard */,
				F364722724A6C6E80078A286 /* SettingsFeedbackScreen.storyboard */,
				F364721E24A6C6A60078A286 /* SettingsTermsOfService.storyboard */,
				F380F9D824F1673200FD2156 /* SettingsAboutUsScreen.storyboard */,
			);
			path = Settings;
			sourceTree = "<group>";
		};
		F37A45F224AA2CD600569A92 /* Onboarding */ = {
			isa = PBXGroup;
			children = (
				F363B6D524B1633A00F6BA24 /* Onboarding.storyboard */,
			);
			path = Onboarding;
			sourceTree = "<group>";
		};
		F380F9DA24F1900400FD2156 /* Common */ = {
			isa = PBXGroup;
			children = (
				F3D9DC8A2446463B00EAEDE1 /* SettingsTextAndAccessoryTableViewCell.swift */,
				F3D9DC8C24464DF300EAEDE1 /* SettingsTextAndSwitchTableViewCell.swift */,
				F3D9DC8E2446555700EAEDE1 /* SettingsDoubleTextAndAccessoryTableViewCell.swift */,
				F3D9DC9024465BF400EAEDE1 /* SettingsDoubleTextAndSwitchTableViewCell.swift */,
			);
			path = Common;
			sourceTree = "<group>";
		};
		F380F9DB24F1901600FD2156 /* AboutUs */ = {
			isa = PBXGroup;
			children = (
				F380F9DC24F190AA00FD2156 /* AboutLogoPreviewTableViewCell.swift */,
			);
			path = AboutUs;
			sourceTree = "<group>";
		};
		F3888C91244F660F002B6115 /* SettingsView */ = {
			isa = PBXGroup;
			children = (
				F380F9DB24F1901600FD2156 /* AboutUs */,
				F380F9DA24F1900400FD2156 /* Common */,
			);
			path = SettingsView;
			sourceTree = "<group>";
		};
		F3888C962454D86A002B6115 /* SettingViewModels */ = {
			isa = PBXGroup;
			children = (
				F3888C972454D88F002B6115 /* FeedbackViewModel.swift */,
				F3888C9B2454E521002B6115 /* SettingsViewModel.swift */,
			);
			path = SettingViewModels;
			sourceTree = "<group>";
		};
		F38F7A4623CA560500AAC409 /* StoredData */ = {
			isa = PBXGroup;
			children = (
				F38F7A4723CA563100AAC409 /* ShopCategoryStoredData.swift */,
				F38F7A4923CA564200AAC409 /* ShopStoredData.swift */,
				F38F7A4B23CA566200AAC409 /* PromoCodeStoredData.swift */,
			);
			path = StoredData;
			sourceTree = "<group>";
		};
		F39C02EB248030B3005C2BDB /* AdvertisingView */ = {
			isa = PBXGroup;
			children = (
				F39C02EC24803193005C2BDB /* AdvertisingImageCollectionViewCell.swift */,
				F3CE061924A63BB2007620A4 /* AdvertisingMarkView.swift */,
			);
			path = AdvertisingView;
			sourceTree = "<group>";
		};
		F39C02EE24804A83005C2BDB /* AdvertisingData */ = {
			isa = PBXGroup;
			children = (
				F39C02EF24804AA8005C2BDB /* AdvertisingCategoryData.swift */,
				F39C02F124804AB6005C2BDB /* AdvertisingCellData.swift */,
			);
			path = AdvertisingData;
			sourceTree = "<group>";
		};
		F3CE061224A00B29007620A4 /* NetworkData */ = {
			isa = PBXGroup;
			children = (
				F3CE061424A00B64007620A4 /* AdvData */,
				F3CE061324A00B46007620A4 /* PromoData */,
			);
			path = NetworkData;
			sourceTree = "<group>";
		};
		F3CE061324A00B46007620A4 /* PromoData */ = {
			isa = PBXGroup;
			children = (
				F353624E23CE09BC003D7BAB /* NetworkShopData.swift */,
				F353625023CE09D8003D7BAB /* NetworkPromoCodeData.swift */,
				F353625223CE09EC003D7BAB /* NetworkShopCategoryData.swift */,
			);
			path = PromoData;
			sourceTree = "<group>";
		};
		F3CE061424A00B64007620A4 /* AdvData */ = {
			isa = PBXGroup;
			children = (
				F3CE061524A00BB3007620A4 /* NetworkAdvertisingCategoryData.swift */,
				F3CE061724A00BF4007620A4 /* NetworkAdvertisingCellData.swift */,
			);
			path = AdvData;
			sourceTree = "<group>";
		};
		F3E0AEB3238881CE0063E2C8 /* Views */ = {
			isa = PBXGroup;
			children = (
				F39C02EB248030B3005C2BDB /* AdvertisingView */,
				F3888C91244F660F002B6115 /* SettingsView */,
				F3ED2D712399AD8100726045 /* ShopViews */,
				F33A9F49239068B800A78A74 /* FavoritesViews */,
				F33A9F482390688F00A78A74 /* HomeViews */,
				F3ED2D6A239846F300726045 /* SearchViews */,
				F3B8040E2380816F00481152 /* TitleSupplementaryView.swift */,
				F3E0AEAE2385DBC70063E2C8 /* ShowMoreUIButton.swift */,
				F3E0AEB8238A0B060063E2C8 /* LikeImageView.swift */,
				F3E0AEBF238C868C0063E2C8 /* AddToFavoritesButton.swift */,
				F35C081723946EB60047A85D /* SearchCollectionViewCell.swift */,
				F34251E7239C7D84008ABD8C /* ImageAndDescriptionUIView.swift */,
				F3BF6B9D247EF126003C184B /* CellWithImageProtocol.swift */,
			);
			path = Views;
			sourceTree = "<group>";
		};
		F3ED2D6223983DFD00726045 /* SettingsControllers */ = {
			isa = PBXGroup;
			children = (
				F3ED2D6323983E7B00726045 /* SettingsTableViewController.swift */,
				F3D9DC942447970A00EAEDE1 /* TermsOfSeviceViewController.swift */,
				F3888C94244F7009002B6115 /* FeedbackViewController.swift */,
				F3330ECF24F1994100FC8912 /* AboutUsTableViewController.swift */,
			);
			path = SettingsControllers;
			sourceTree = "<group>";
		};
		F3ED2D652398417200726045 /* SearchControllers */ = {
			isa = PBXGroup;
			children = (
				F3ED2D6B23984C9500726045 /* SearchMainViewController.swift */,
				F3ED2D6D23984CB700726045 /* SearchResultsViewController.swift */,
			);
			path = SearchControllers;
			sourceTree = "<group>";
		};
		F3ED2D6A239846F300726045 /* SearchViews */ = {
			isa = PBXGroup;
			children = (
				F3ED2D68239846DD00726045 /* SearchPlainCollectionViewCell.swift */,
				F3BF6B9F247EF73C003C184B /* SearchSuggestionCollectionViewCell.swift */,
			);
			path = SearchViews;
			sourceTree = "<group>";
		};
		F3ED2D712399AD8100726045 /* ShopViews */ = {
			isa = PBXGroup;
			children = (
				F34C57582437A1F2004A03B3 /* CouponView */,
				F3ED2D79239AF8ED00726045 /* ShopPlainCollectionViewCell.swift */,
				F3ED2D7B239B269E00726045 /* PromocodeView.swift */,
				F34251E3239C7A1A008ABD8C /* ShopTitleCollectionViewCell.swift */,
				F34251E5239C7A35008ABD8C /* ShopDetailTitleCollectionViewCell.swift */,
				F34251E9239D7102008ABD8C /* LogoWithFavoritesButton.swift */,
			);
			path = ShopViews;
			sourceTree = "<group>";
		};
		F3ED2D722399AE6600726045 /* ShopControllers */ = {
			isa = PBXGroup;
			children = (
				F3ED2D732399AEBC00726045 /* ShopViewController.swift */,
			);
			path = ShopControllers;
			sourceTree = "<group>";
		};
		F3F344562415750D005EF34C /* HomeViewModels */ = {
			isa = PBXGroup;
			children = (
				F3F344572415754A005EF34C /* HomeViewModel.swift */,
				F3F3445E2415896D005EF34C /* HomeDetailViewModel.swift */,
			);
			path = HomeViewModels;
			sourceTree = "<group>";
		};
		F3F3445924157BEE005EF34C /* Navigation */ = {
			isa = PBXGroup;
			children = (
				F3F3445A24157C08005EF34C /* Navigator.swift */,
				F363B70024BA3E8400F6BA24 /* TabBarViewController.swift */,
			);
			path = Navigation;
			sourceTree = "<group>";
		};
		F3F34460241A663B005EF34C /* ShopViewModels */ = {
			isa = PBXGroup;
			children = (
				F3F34461241A6660005EF34C /* ShopViewModel.swift */,
			);
			path = ShopViewModels;
			sourceTree = "<group>";
		};
		F3F34464241E8492005EF34C /* FavoritesViewModel */ = {
			isa = PBXGroup;
			children = (
				F3F34465241E84DA005EF34C /* FavoritesViewModel.swift */,
			);
			path = FavoritesViewModel;
			sourceTree = "<group>";
		};
		F3F34467241FF55C005EF34C /* SearchViewModel */ = {
			isa = PBXGroup;
			children = (
				F363B6DE24B3B03100F6BA24 /* Trie */,
				F3F34468241FF57F005EF34C /* SearchViewModel.swift */,
				F3E69DA8247C518B00CE7799 /* SearchResultsViewModel.swift */,
			);
			path = SearchViewModel;
			sourceTree = "<group>";
		};
/* End PBXGroup section */

/* Begin PBXNativeTarget section */
		F35B3D23235BAC25000F7ED0 /* GetCoupon */ = {
			isa = PBXNativeTarget;
			buildConfigurationList = F35B3D51235BAC2D000F7ED0 /* Build configuration list for PBXNativeTarget "GetCoupon" */;
			buildPhases = (
				F35B3D20235BAC25000F7ED0 /* Sources */,
				F35B3D21235BAC25000F7ED0 /* Frameworks */,
				F35B3D22235BAC25000F7ED0 /* Resources */,
				F378A4B724D1E1D40091C95C /* Embed App Extensions */,
			);
			buildRules = (
			);
			dependencies = (
				F378A4B224D1E1D40091C95C /* PBXTargetDependency */,
			);
			name = GetCoupon;
			packageProductDependencies = (
				F371E477242640D200301D5E /* RxSwift */,
				F371E47B242640D200301D5E /* RxRelay */,
				F371E47D242640D200301D5E /* RxCocoa */,
				F371E4822426415100301D5E /* Realm */,
				F371E4842426415100301D5E /* RealmSwift */,
			);
			productName = GetCoupon;
			productReference = F35B3D24235BAC25000F7ED0 /* GetCoupon.app */;
			productType = "com.apple.product-type.application";
		};
		F35B3D3C235BAC2D000F7ED0 /* GetCouponTests */ = {
			isa = PBXNativeTarget;
			buildConfigurationList = F35B3D54235BAC2D000F7ED0 /* Build configuration list for PBXNativeTarget "GetCouponTests" */;
			buildPhases = (
				F35B3D39235BAC2D000F7ED0 /* Sources */,
				F35B3D3A235BAC2D000F7ED0 /* Frameworks */,
				F35B3D3B235BAC2D000F7ED0 /* Resources */,
			);
			buildRules = (
			);
			dependencies = (
				F35B3D3F235BAC2D000F7ED0 /* PBXTargetDependency */,
			);
			name = GetCouponTests;
			packageProductDependencies = (
				F371E479242640D200301D5E /* RxTest */,
				F371E47F242640D200301D5E /* RxBlocking */,
			);
			productName = GetCouponTests;
			productReference = F35B3D3D235BAC2D000F7ED0 /* GetCouponTests.xctest */;
			productType = "com.apple.product-type.bundle.unit-test";
		};
		F35B3D47235BAC2D000F7ED0 /* GetCouponUITests */ = {
			isa = PBXNativeTarget;
			buildConfigurationList = F35B3D57235BAC2D000F7ED0 /* Build configuration list for PBXNativeTarget "GetCouponUITests" */;
			buildPhases = (
				F35B3D44235BAC2D000F7ED0 /* Sources */,
				F35B3D45235BAC2D000F7ED0 /* Frameworks */,
				F35B3D46235BAC2D000F7ED0 /* Resources */,
			);
			buildRules = (
			);
			dependencies = (
				F35B3D4A235BAC2D000F7ED0 /* PBXTargetDependency */,
			);
			name = GetCouponUITests;
			productName = GetCouponUITests;
			productReference = F35B3D48235BAC2D000F7ED0 /* GetCouponUITests.xctest */;
			productType = "com.apple.product-type.bundle.ui-testing";
		};
		F378A4AB24D1E1D40091C95C /* GetCouponNotificationService */ = {
			isa = PBXNativeTarget;
			buildConfigurationList = F378A4B424D1E1D40091C95C /* Build configuration list for PBXNativeTarget "GetCouponNotificationService" */;
			buildPhases = (
				F378A4A824D1E1D40091C95C /* Sources */,
				F378A4A924D1E1D40091C95C /* Frameworks */,
				F378A4AA24D1E1D40091C95C /* Resources */,
			);
			buildRules = (
			);
			dependencies = (
			);
			name = GetCouponNotificationService;
			productName = GetCouponNotificationService;
			productReference = F378A4AC24D1E1D40091C95C /* GetCouponNotificationService.appex */;
			productType = "com.apple.product-type.app-extension";
		};
/* End PBXNativeTarget section */

/* Begin PBXProject section */
		F35B3D1C235BAC25000F7ED0 /* Project object */ = {
			isa = PBXProject;
			attributes = {
				LastSwiftUpdateCheck = 1160;
				LastUpgradeCheck = 1110;
				ORGANIZATIONNAME = "Nikita Konashenko";
				TargetAttributes = {
					F35B3D23235BAC25000F7ED0 = {
						CreatedOnToolsVersion = 11.1;
					};
					F35B3D3C235BAC2D000F7ED0 = {
						CreatedOnToolsVersion = 11.1;
						TestTargetID = F35B3D23235BAC25000F7ED0;
					};
					F35B3D47235BAC2D000F7ED0 = {
						CreatedOnToolsVersion = 11.1;
						TestTargetID = F35B3D23235BAC25000F7ED0;
					};
					F378A4AB24D1E1D40091C95C = {
						CreatedOnToolsVersion = 11.6;
					};
				};
			};
			buildConfigurationList = F35B3D1F235BAC25000F7ED0 /* Build configuration list for PBXProject "GetCoupon" */;
			compatibilityVersion = "Xcode 9.3";
			developmentRegion = en;
			hasScannedForEncodings = 0;
			knownRegions = (
				en,
				Base,
				uk,
				ru,
			);
			mainGroup = F35B3D1B235BAC25000F7ED0;
			packageReferences = (
				F371E476242640D200301D5E /* XCRemoteSwiftPackageReference "RxSwift" */,
				F371E4812426415100301D5E /* XCRemoteSwiftPackageReference "realm-cocoa" */,
			);
			productRefGroup = F35B3D25235BAC25000F7ED0 /* Products */;
			projectDirPath = "";
			projectRoot = "";
			targets = (
				F35B3D23235BAC25000F7ED0 /* GetCoupon */,
				F35B3D3C235BAC2D000F7ED0 /* GetCouponTests */,
				F35B3D47235BAC2D000F7ED0 /* GetCouponUITests */,
				F378A4AB24D1E1D40091C95C /* GetCouponNotificationService */,
			);
		};
/* End PBXProject section */

/* Begin PBXResourcesBuildPhase section */
		F35B3D22235BAC25000F7ED0 /* Resources */ = {
			isa = PBXResourcesBuildPhase;
			buildActionMask = 2147483647;
			files = (
				F380F9D924F1673200FD2156 /* SettingsAboutUsScreen.storyboard in Resources */,
				F363B6D324B1633A00F6BA24 /* Onboarding.storyboard in Resources */,
				F363B6F924BA37C700F6BA24 /* InfoPlist.strings in Resources */,
				F30C418924A6B92B005BFAA9 /* Localizable.strings in Resources */,
				F35B3D60235BB2D4000F7ED0 /* Favourites.storyboard in Resources */,
				F35B3D62235BB2F5000F7ED0 /* Home.storyboard in Resources */,
				F35B3D37235BAC2D000F7ED0 /* LaunchScreen.storyboard in Resources */,
				F363B6E724B5184E00F6BA24 /* Localizable.stringsdict in Resources */,
				F364722524A6C6E80078A286 /* SettingsFeedbackScreen.storyboard in Resources */,
				F35B3D34235BAC2D000F7ED0 /* Assets.xcassets in Resources */,
				F35B3D64235BB37B000F7ED0 /* Search.storyboard in Resources */,
				F35B3D2F235BAC25000F7ED0 /* Main.storyboard in Resources */,
				F364721C24A6C6A60078A286 /* SettingsTermsOfService.storyboard in Resources */,
				F3508E7C24A6C48700A3586F /* Settings.storyboard in Resources */,
			);
			runOnlyForDeploymentPostprocessing = 0;
		};
		F35B3D3B235BAC2D000F7ED0 /* Resources */ = {
			isa = PBXResourcesBuildPhase;
			buildActionMask = 2147483647;
			files = (
			);
			runOnlyForDeploymentPostprocessing = 0;
		};
		F35B3D46235BAC2D000F7ED0 /* Resources */ = {
			isa = PBXResourcesBuildPhase;
			buildActionMask = 2147483647;
			files = (
			);
			runOnlyForDeploymentPostprocessing = 0;
		};
		F378A4AA24D1E1D40091C95C /* Resources */ = {
			isa = PBXResourcesBuildPhase;
			buildActionMask = 2147483647;
			files = (
				F378A4B824D1E22E0091C95C /* Localizable.strings in Resources */,
			);
			runOnlyForDeploymentPostprocessing = 0;
		};
/* End PBXResourcesBuildPhase section */

/* Begin PBXSourcesBuildPhase section */
		F35B3D20235BAC25000F7ED0 /* Sources */ = {
			isa = PBXSourcesBuildPhase;
			buildActionMask = 2147483647;
			files = (
				F3E0AEB5238882490063E2C8 /* HomeDetailCollectionViewCell.swift in Sources */,
				F3A4B1A6239709F400A47053 /* HomeDetailSegmentedControlCollectionViewCell.swift in Sources */,
				F3F3445B24157C08005EF34C /* Navigator.swift in Sources */,
				F34C575C2437B263004A03B3 /* CouponPopupView.swift in Sources */,
				F3ED2D7A239AF8ED00726045 /* ShopPlainCollectionViewCell.swift in Sources */,
				F33A9F4B239068E200A78A74 /* FavoritesPlainCollectionViewCell.swift in Sources */,
				F38F7A4A23CA564200AAC409 /* ShopStoredData.swift in Sources */,
				F3E69DAD247C71E200CE7799 /* SuggestedSearchCategoryData.swift in Sources */,
				F3E0AEB9238A0B060063E2C8 /* LikeImageView.swift in Sources */,
				F3F34466241E84DA005EF34C /* FavoritesViewModel.swift in Sources */,
				F3E0AEB1238804A10063E2C8 /* HomeDetailViewController.swift in Sources */,
				F3E0AEC0238C868C0063E2C8 /* AddToFavoritesButton.swift in Sources */,
				F3D9DC8D24464DF300EAEDE1 /* SettingsTextAndSwitchTableViewCell.swift in Sources */,
				F3CE061624A00BB3007620A4 /* NetworkAdvertisingCategoryData.swift in Sources */,
				F3E0AEAF2385DBC70063E2C8 /* ShowMoreUIButton.swift in Sources */,
				F363B6EF24B5361500F6BA24 /* ServersPack.swift in Sources */,
				F363B6D224B15D3100F6BA24 /* NextButton.swift in Sources */,
				F3B804032380578A00481152 /* HomeCardCollectionViewCell.swift in Sources */,
				F34251E6239C7A35008ABD8C /* ShopDetailTitleCollectionViewCell.swift in Sources */,
				F3E0AEBE238C6A0E0063E2C8 /* FavoritesDataController.swift in Sources */,
				F35C081823946EB70047A85D /* SearchCollectionViewCell.swift in Sources */,
				F353624F23CE09BC003D7BAB /* NetworkShopData.swift in Sources */,
				F378A4C024D208A70091C95C /* PushConfiguration.swift in Sources */,
				F35B3D2C235BAC25000F7ED0 /* ViewController.swift in Sources */,
				F3ED2D782399B33400726045 /* PromoCodeData.swift in Sources */,
				F3ED2D742399AEBC00726045 /* ShopViewController.swift in Sources */,
				F35B3D28235BAC25000F7ED0 /* AppDelegate.swift in Sources */,
				F3E69DA9247C518B00CE7799 /* SearchResultsViewModel.swift in Sources */,
				F3F34462241A6660005EF34C /* ShopViewModel.swift in Sources */,
				F3CE061A24A63BB2007620A4 /* AdvertisingMarkView.swift in Sources */,
				F3F3445F2415896D005EF34C /* HomeDetailViewModel.swift in Sources */,
				F37D66D424BF7C2C0031B086 /* EmptyFavoritesView.swift in Sources */,
				F33A9F4D239069CD00A78A74 /* FavoritesSegmentedControlCollectionViewCell.swift in Sources */,
				F3F34469241FF57F005EF34C /* SearchViewModel.swift in Sources */,
				F3888C95244F7009002B6115 /* FeedbackViewController.swift in Sources */,
				F363B6CC24B1257C00F6BA24 /* OnboardingViewController.swift in Sources */,
				F38F7A4C23CA566200AAC409 /* PromoCodeStoredData.swift in Sources */,
				F3E0AEBB238C69350063E2C8 /* ModelController.swift in Sources */,
				F39C02F024804AA8005C2BDB /* AdvertisingCategoryData.swift in Sources */,
				F3ED2D6C23984C9500726045 /* SearchMainViewController.swift in Sources */,
				F363B6E224B3B04F00F6BA24 /* TrieNode.swift in Sources */,
				F3F344582415754A005EF34C /* HomeViewModel.swift in Sources */,
				F38F7A4823CA563100AAC409 /* ShopCategoryStoredData.swift in Sources */,
				F3ED2D6423983E7B00726045 /* SettingsTableViewController.swift in Sources */,
				F3330ED024F1994100FC8912 /* AboutUsTableViewController.swift in Sources */,
				F35B3D2A235BAC25000F7ED0 /* SceneDelegate.swift in Sources */,
				F3888C982454D88F002B6115 /* FeedbackViewModel.swift in Sources */,
				F353625323CE09EC003D7BAB /* NetworkShopCategoryData.swift in Sources */,
				F3D9DC8B2446463B00EAEDE1 /* SettingsTextAndAccessoryTableViewCell.swift in Sources */,
				F3B80405238063A100481152 /* HomeViewController.swift in Sources */,
				F380F9DD24F190AA00FD2156 /* AboutLogoPreviewTableViewCell.swift in Sources */,
				F3B8040F2380816F00481152 /* TitleSupplementaryView.swift in Sources */,
				F3E69DAB247C6DB700CE7799 /* SuggestedSearchCellData.swift in Sources */,
				F3ED2D69239846DD00726045 /* SearchPlainCollectionViewCell.swift in Sources */,
				F39C02ED24803193005C2BDB /* AdvertisingImageCollectionViewCell.swift in Sources */,
				F3CE061824A00BF4007620A4 /* NetworkAdvertisingCellData.swift in Sources */,
				F33A9F47239009C500A78A74 /* FavoritesViewController.swift in Sources */,
				F39C02F224804AB6005C2BDB /* AdvertisingCellData.swift in Sources */,
				F34251EA239D7102008ABD8C /* LogoWithFavoritesButton.swift in Sources */,
				F353625123CE09D8003D7BAB /* NetworkPromoCodeData.swift in Sources */,
				F37612542461E646007EB465 /* PromocodeView+Animations.swift in Sources */,
				F348666F23CBB5B5004682B3 /* NetworkController.swift in Sources */,
				F35EE48A24576B5000430002 /* UserDefaultKeys.swift in Sources */,
				F3B804072380647000481152 /* HomeDataController.swift in Sources */,
				F378A4C124D20DC70091C95C /* NotificationProvider.swift in Sources */,
				F3D9DC8F2446555700EAEDE1 /* SettingsDoubleTextAndAccessoryTableViewCell.swift in Sources */,
				F363B6ED24B52F5E00F6BA24 /* ServerData.swift in Sources */,
				F348666923CA6CC0004682B3 /* CacheController.swift in Sources */,
				F34251E4239C7A1A008ABD8C /* ShopTitleCollectionViewCell.swift in Sources */,
				F35C65212384A03600E67B26 /* HomeCaptionImageCollectionViewCell.swift in Sources */,
				F34251EC239DA83E008ABD8C /* ShopCategoryData.swift in Sources */,
				F363B6DD24B25C4700F6BA24 /* OnboardingCollectionViewCell.swift in Sources */,
				F3D9DC9124465BF400EAEDE1 /* SettingsDoubleTextAndSwitchTableViewCell.swift in Sources */,
				F32C944B24830C9200649B7B /* HomeAnimatingSubtitleView.swift in Sources */,
				F363B6E024B3B04300F6BA24 /* Trie.swift in Sources */,
				F3ED2D762399B31000726045 /* ShopData.swift in Sources */,
				F363B70124BA3E8400F6BA24 /* TabBarViewController.swift in Sources */,
				F3ED2D7C239B269E00726045 /* PromocodeView.swift in Sources */,
				F34251E8239C7D84008ABD8C /* ImageAndDescriptionUIView.swift in Sources */,
				F3D9DC952447970A00EAEDE1 /* TermsOfSeviceViewController.swift in Sources */,
				F363B6E424B4EFA100F6BA24 /* LocalizationProvider.swift in Sources */,
				F3BF6B9E247EF127003C184B /* CellWithImageProtocol.swift in Sources */,
				F3ED2D6E23984CB700726045 /* SearchResultsViewController.swift in Sources */,
				F3BF6BA0247EF73C003C184B /* SearchSuggestionCollectionViewCell.swift in Sources */,
				F3888C9C2454E521002B6115 /* SettingsViewModel.swift in Sources */,
				F32C94492482F6E900649B7B /* HomeAnimatingTitleView.swift in Sources */,
			);
			runOnlyForDeploymentPostprocessing = 0;
		};
		F35B3D39235BAC2D000F7ED0 /* Sources */ = {
			isa = PBXSourcesBuildPhase;
			buildActionMask = 2147483647;
			files = (
				F35B3D42235BAC2D000F7ED0 /* GetCouponTests.swift in Sources */,
			);
			runOnlyForDeploymentPostprocessing = 0;
		};
		F35B3D44235BAC2D000F7ED0 /* Sources */ = {
			isa = PBXSourcesBuildPhase;
			buildActionMask = 2147483647;
			files = (
				F35B3D4D235BAC2D000F7ED0 /* GetCouponUITests.swift in Sources */,
			);
			runOnlyForDeploymentPostprocessing = 0;
		};
		F378A4A824D1E1D40091C95C /* Sources */ = {
			isa = PBXSourcesBuildPhase;
			buildActionMask = 2147483647;
			files = (
				F378A4AF24D1E1D40091C95C /* NotificationService.swift in Sources */,
			);
			runOnlyForDeploymentPostprocessing = 0;
		};
/* End PBXSourcesBuildPhase section */

/* Begin PBXTargetDependency section */
		F35B3D3F235BAC2D000F7ED0 /* PBXTargetDependency */ = {
			isa = PBXTargetDependency;
			target = F35B3D23235BAC25000F7ED0 /* GetCoupon */;
			targetProxy = F35B3D3E235BAC2D000F7ED0 /* PBXContainerItemProxy */;
		};
		F35B3D4A235BAC2D000F7ED0 /* PBXTargetDependency */ = {
			isa = PBXTargetDependency;
			target = F35B3D23235BAC25000F7ED0 /* GetCoupon */;
			targetProxy = F35B3D49235BAC2D000F7ED0 /* PBXContainerItemProxy */;
		};
		F378A4B224D1E1D40091C95C /* PBXTargetDependency */ = {
			isa = PBXTargetDependency;
			target = F378A4AB24D1E1D40091C95C /* GetCouponNotificationService */;
			targetProxy = F378A4B124D1E1D40091C95C /* PBXContainerItemProxy */;
		};
/* End PBXTargetDependency section */

/* Begin PBXVariantGroup section */
		F336D67E24A644AD000E1796 /* Localizable.strings */ = {
			isa = PBXVariantGroup;
			children = (
				F336D67D24A644AD000E1796 /* en */,
				F34F074724A6AD9E0039C056 /* uk */,
				F34F074A24A6AE0E0039C056 /* ru */,
			);
			name = Localizable.strings;
			sourceTree = "<group>";
		};
		F35B3D2D235BAC25000F7ED0 /* Main.storyboard */ = {
			isa = PBXVariantGroup;
			children = (
				F35B3D2E235BAC25000F7ED0 /* Base */,
				F30C418424A6B5AB005BFAA9 /* en */,
				F363B70224BA583B00F6BA24 /* ru */,
				F363B70324BA584200F6BA24 /* uk */,
			);
			name = Main.storyboard;
			sourceTree = "<group>";
		};
		F35B3D35235BAC2D000F7ED0 /* LaunchScreen.storyboard */ = {
			isa = PBXVariantGroup;
			children = (
				F35B3D36235BAC2D000F7ED0 /* Base */,
				F34F074524A6AD9D0039C056 /* uk */,
				F34F074824A6ADEC0039C056 /* ru */,
				F30C418624A6B5B3005BFAA9 /* en */,
			);
			name = LaunchScreen.storyboard;
			sourceTree = "<group>";
		};
		F363B6D524B1633A00F6BA24 /* Onboarding.storyboard */ = {
			isa = PBXVariantGroup;
			children = (
				F363B6D724B1634200F6BA24 /* ru */,
				F363B6D924B1634600F6BA24 /* uk */,
				F363B6DA24B1648200F6BA24 /* Base */,
				F363B6DB24B1654F00F6BA24 /* en */,
			);
			name = Onboarding.storyboard;
			sourceTree = "<group>";
		};
		F363B6E924B5184E00F6BA24 /* Localizable.stringsdict */ = {
			isa = PBXVariantGroup;
			children = (
				F363B6E824B5184E00F6BA24 /* ru */,
				F363B6EA24B524B900F6BA24 /* uk */,
				F363B6EB24B524BB00F6BA24 /* en */,
			);
			name = Localizable.stringsdict;
			sourceTree = "<group>";
		};
		F363B6FB24BA37C700F6BA24 /* InfoPlist.strings */ = {
			isa = PBXVariantGroup;
			children = (
				F363B6FA24BA37C700F6BA24 /* en */,
				F363B6FC24BA37C800F6BA24 /* ru */,
				F363B6FD24BA37C900F6BA24 /* uk */,
			);
			name = InfoPlist.strings;
			sourceTree = "<group>";
		};
		F364721E24A6C6A60078A286 /* SettingsTermsOfService.storyboard */ = {
			isa = PBXVariantGroup;
			children = (
				F364721D24A6C6A60078A286 /* Base */,
				F364722024A6C6AC0078A286 /* en */,
				F364722224A6C6AF0078A286 /* ru */,
				F364722424A6C6B00078A286 /* uk */,
			);
			name = SettingsTermsOfService.storyboard;
			sourceTree = "<group>";
		};
		F364722724A6C6E80078A286 /* SettingsFeedbackScreen.storyboard */ = {
			isa = PBXVariantGroup;
			children = (
				F364722624A6C6E80078A286 /* Base */,
				F364722924A6C6EC0078A286 /* en */,
				F364722B24A6C6EE0078A286 /* ru */,
				F364722D24A6C6EF0078A286 /* uk */,
			);
			name = SettingsFeedbackScreen.storyboard;
			sourceTree = "<group>";
		};
/* End PBXVariantGroup section */

/* Begin XCBuildConfiguration section */
		F35B3D4F235BAC2D000F7ED0 /* Debug */ = {
			isa = XCBuildConfiguration;
			buildSettings = {
				ALWAYS_SEARCH_USER_PATHS = NO;
				CLANG_ANALYZER_LOCALIZABILITY_NONLOCALIZED = YES;
				CLANG_ANALYZER_NONNULL = YES;
				CLANG_ANALYZER_NUMBER_OBJECT_CONVERSION = YES_AGGRESSIVE;
				CLANG_CXX_LANGUAGE_STANDARD = "gnu++14";
				CLANG_CXX_LIBRARY = "libc++";
				CLANG_ENABLE_MODULES = YES;
				CLANG_ENABLE_OBJC_ARC = YES;
				CLANG_ENABLE_OBJC_WEAK = YES;
				CLANG_WARN_BLOCK_CAPTURE_AUTORELEASING = YES;
				CLANG_WARN_BOOL_CONVERSION = YES;
				CLANG_WARN_COMMA = YES;
				CLANG_WARN_CONSTANT_CONVERSION = YES;
				CLANG_WARN_DEPRECATED_OBJC_IMPLEMENTATIONS = YES;
				CLANG_WARN_DIRECT_OBJC_ISA_USAGE = YES_ERROR;
				CLANG_WARN_DOCUMENTATION_COMMENTS = YES;
				CLANG_WARN_EMPTY_BODY = YES;
				CLANG_WARN_ENUM_CONVERSION = YES;
				CLANG_WARN_INFINITE_RECURSION = YES;
				CLANG_WARN_INT_CONVERSION = YES;
				CLANG_WARN_NON_LITERAL_NULL_CONVERSION = YES;
				CLANG_WARN_OBJC_IMPLICIT_RETAIN_SELF = YES;
				CLANG_WARN_OBJC_LITERAL_CONVERSION = YES;
				CLANG_WARN_OBJC_ROOT_CLASS = YES_ERROR;
				CLANG_WARN_RANGE_LOOP_ANALYSIS = YES;
				CLANG_WARN_STRICT_PROTOTYPES = YES;
				CLANG_WARN_SUSPICIOUS_MOVE = YES;
				CLANG_WARN_UNGUARDED_AVAILABILITY = YES_AGGRESSIVE;
				CLANG_WARN_UNREACHABLE_CODE = YES;
				CLANG_WARN__DUPLICATE_METHOD_MATCH = YES;
				COPY_PHASE_STRIP = NO;
				DEBUG_INFORMATION_FORMAT = dwarf;
				ENABLE_STRICT_OBJC_MSGSEND = YES;
				ENABLE_TESTABILITY = YES;
				GCC_C_LANGUAGE_STANDARD = gnu11;
				GCC_DYNAMIC_NO_PIC = NO;
				GCC_NO_COMMON_BLOCKS = YES;
				GCC_OPTIMIZATION_LEVEL = 0;
				GCC_PREPROCESSOR_DEFINITIONS = (
					"DEBUG=1",
					"$(inherited)",
				);
				GCC_WARN_64_TO_32_BIT_CONVERSION = YES;
				GCC_WARN_ABOUT_RETURN_TYPE = YES_ERROR;
				GCC_WARN_UNDECLARED_SELECTOR = YES;
				GCC_WARN_UNINITIALIZED_AUTOS = YES_AGGRESSIVE;
				GCC_WARN_UNUSED_FUNCTION = YES;
				GCC_WARN_UNUSED_VARIABLE = YES;
				IPHONEOS_DEPLOYMENT_TARGET = 13.0;
				MTL_ENABLE_DEBUG_INFO = INCLUDE_SOURCE;
				MTL_FAST_MATH = YES;
				ONLY_ACTIVE_ARCH = YES;
				SDKROOT = iphoneos;
				SWIFT_ACTIVE_COMPILATION_CONDITIONS = DEBUG;
				SWIFT_OPTIMIZATION_LEVEL = "-Onone";
			};
			name = Debug;
		};
		F35B3D50235BAC2D000F7ED0 /* Release */ = {
			isa = XCBuildConfiguration;
			buildSettings = {
				ALWAYS_SEARCH_USER_PATHS = NO;
				CLANG_ANALYZER_LOCALIZABILITY_NONLOCALIZED = YES;
				CLANG_ANALYZER_NONNULL = YES;
				CLANG_ANALYZER_NUMBER_OBJECT_CONVERSION = YES_AGGRESSIVE;
				CLANG_CXX_LANGUAGE_STANDARD = "gnu++14";
				CLANG_CXX_LIBRARY = "libc++";
				CLANG_ENABLE_MODULES = YES;
				CLANG_ENABLE_OBJC_ARC = YES;
				CLANG_ENABLE_OBJC_WEAK = YES;
				CLANG_WARN_BLOCK_CAPTURE_AUTORELEASING = YES;
				CLANG_WARN_BOOL_CONVERSION = YES;
				CLANG_WARN_COMMA = YES;
				CLANG_WARN_CONSTANT_CONVERSION = YES;
				CLANG_WARN_DEPRECATED_OBJC_IMPLEMENTATIONS = YES;
				CLANG_WARN_DIRECT_OBJC_ISA_USAGE = YES_ERROR;
				CLANG_WARN_DOCUMENTATION_COMMENTS = YES;
				CLANG_WARN_EMPTY_BODY = YES;
				CLANG_WARN_ENUM_CONVERSION = YES;
				CLANG_WARN_INFINITE_RECURSION = YES;
				CLANG_WARN_INT_CONVERSION = YES;
				CLANG_WARN_NON_LITERAL_NULL_CONVERSION = YES;
				CLANG_WARN_OBJC_IMPLICIT_RETAIN_SELF = YES;
				CLANG_WARN_OBJC_LITERAL_CONVERSION = YES;
				CLANG_WARN_OBJC_ROOT_CLASS = YES_ERROR;
				CLANG_WARN_RANGE_LOOP_ANALYSIS = YES;
				CLANG_WARN_STRICT_PROTOTYPES = YES;
				CLANG_WARN_SUSPICIOUS_MOVE = YES;
				CLANG_WARN_UNGUARDED_AVAILABILITY = YES_AGGRESSIVE;
				CLANG_WARN_UNREACHABLE_CODE = YES;
				CLANG_WARN__DUPLICATE_METHOD_MATCH = YES;
				COPY_PHASE_STRIP = NO;
				DEBUG_INFORMATION_FORMAT = "dwarf-with-dsym";
				ENABLE_NS_ASSERTIONS = NO;
				ENABLE_STRICT_OBJC_MSGSEND = YES;
				GCC_C_LANGUAGE_STANDARD = gnu11;
				GCC_NO_COMMON_BLOCKS = YES;
				GCC_WARN_64_TO_32_BIT_CONVERSION = YES;
				GCC_WARN_ABOUT_RETURN_TYPE = YES_ERROR;
				GCC_WARN_UNDECLARED_SELECTOR = YES;
				GCC_WARN_UNINITIALIZED_AUTOS = YES_AGGRESSIVE;
				GCC_WARN_UNUSED_FUNCTION = YES;
				GCC_WARN_UNUSED_VARIABLE = YES;
				IPHONEOS_DEPLOYMENT_TARGET = 13.0;
				MTL_ENABLE_DEBUG_INFO = NO;
				MTL_FAST_MATH = YES;
				SDKROOT = iphoneos;
				SWIFT_COMPILATION_MODE = wholemodule;
				SWIFT_OPTIMIZATION_LEVEL = "-O";
				VALIDATE_PRODUCT = YES;
			};
			name = Release;
		};
		F35B3D52235BAC2D000F7ED0 /* Debug */ = {
			isa = XCBuildConfiguration;
			buildSettings = {
				ALWAYS_EMBED_SWIFT_STANDARD_LIBRARIES = YES;
				ASSETCATALOG_COMPILER_APPICON_NAME = AppIcon;
				CODE_SIGN_ENTITLEMENTS = GetCoupon/GetCoupon.entitlements;
				CODE_SIGN_IDENTITY = "Apple Development";
				CODE_SIGN_STYLE = Automatic;
				CURRENT_PROJECT_VERSION = 3;
				DEVELOPMENT_TEAM = WT55D455BY;
				INFOPLIST_FILE = GetCoupon/Info.plist;
				LD_RUNPATH_SEARCH_PATHS = (
					"$(inherited)",
					"@executable_path/Frameworks",
				);
				MARKETING_VERSION = 1.2.0;
				PRODUCT_BUNDLE_IDENTIFIER = com.qq.GetCoupon;
				PRODUCT_NAME = "$(TARGET_NAME)";
				PROVISIONING_PROFILE_SPECIFIER = "";
				SWIFT_VERSION = 5.0;
				TARGETED_DEVICE_FAMILY = 1;
			};
			name = Debug;
		};
		F35B3D53235BAC2D000F7ED0 /* Release */ = {
			isa = XCBuildConfiguration;
			buildSettings = {
				ALWAYS_EMBED_SWIFT_STANDARD_LIBRARIES = YES;
				ASSETCATALOG_COMPILER_APPICON_NAME = AppIcon;
				CODE_SIGN_ENTITLEMENTS = GetCoupon/GetCoupon.entitlements;
				CODE_SIGN_IDENTITY = "Apple Development";
				CODE_SIGN_STYLE = Automatic;
				CURRENT_PROJECT_VERSION = 3;
				DEVELOPMENT_TEAM = WT55D455BY;
				INFOPLIST_FILE = GetCoupon/Info.plist;
				LD_RUNPATH_SEARCH_PATHS = (
					"$(inherited)",
					"@executable_path/Frameworks",
				);
				MARKETING_VERSION = 1.2.0;
				PRODUCT_BUNDLE_IDENTIFIER = com.qq.GetCoupon;
				PRODUCT_NAME = "$(TARGET_NAME)";
				PROVISIONING_PROFILE_SPECIFIER = "";
				SWIFT_VERSION = 5.0;
				TARGETED_DEVICE_FAMILY = 1;
			};
			name = Release;
		};
		F35B3D55235BAC2D000F7ED0 /* Debug */ = {
			isa = XCBuildConfiguration;
			buildSettings = {
				ALWAYS_EMBED_SWIFT_STANDARD_LIBRARIES = YES;
				BUNDLE_LOADER = "$(TEST_HOST)";
				CODE_SIGN_STYLE = Automatic;
				DEVELOPMENT_TEAM = WT55D455BY;
				INFOPLIST_FILE = GetCouponTests/Info.plist;
				IPHONEOS_DEPLOYMENT_TARGET = 13.1;
				LD_RUNPATH_SEARCH_PATHS = (
					"$(inherited)",
					"@executable_path/Frameworks",
					"@loader_path/Frameworks",
				);
				"OTHER_LDFLAGS[arch=*]" = "";
				PRODUCT_BUNDLE_IDENTIFIER = com.qq.GetCouponTests;
				PRODUCT_NAME = "$(TARGET_NAME)";
				SWIFT_VERSION = 5.0;
				TARGETED_DEVICE_FAMILY = "1,2";
				TEST_HOST = "$(BUILT_PRODUCTS_DIR)/GetCoupon.app/GetCoupon";
			};
			name = Debug;
		};
		F35B3D56235BAC2D000F7ED0 /* Release */ = {
			isa = XCBuildConfiguration;
			buildSettings = {
				ALWAYS_EMBED_SWIFT_STANDARD_LIBRARIES = YES;
				BUNDLE_LOADER = "$(TEST_HOST)";
				CODE_SIGN_STYLE = Automatic;
				DEVELOPMENT_TEAM = WT55D455BY;
				INFOPLIST_FILE = GetCouponTests/Info.plist;
				IPHONEOS_DEPLOYMENT_TARGET = 13.1;
				LD_RUNPATH_SEARCH_PATHS = (
					"$(inherited)",
					"@executable_path/Frameworks",
					"@loader_path/Frameworks",
				);
				PRODUCT_BUNDLE_IDENTIFIER = com.qq.GetCouponTests;
				PRODUCT_NAME = "$(TARGET_NAME)";
				SWIFT_VERSION = 5.0;
				TARGETED_DEVICE_FAMILY = "1,2";
				TEST_HOST = "$(BUILT_PRODUCTS_DIR)/GetCoupon.app/GetCoupon";
			};
			name = Release;
		};
		F35B3D58235BAC2D000F7ED0 /* Debug */ = {
			isa = XCBuildConfiguration;
			buildSettings = {
				ALWAYS_EMBED_SWIFT_STANDARD_LIBRARIES = YES;
				CODE_SIGN_IDENTITY = "Apple Development";
				"CODE_SIGN_IDENTITY[sdk=macosx*]" = "Apple Development";
				CODE_SIGN_STYLE = Automatic;
				DEVELOPMENT_TEAM = WT55D455BY;
				INFOPLIST_FILE = GetCouponUITests/Info.plist;
				LD_RUNPATH_SEARCH_PATHS = (
					"$(inherited)",
					"@executable_path/Frameworks",
					"@loader_path/Frameworks",
				);
				PRODUCT_BUNDLE_IDENTIFIER = com.qq.GetCouponUITests;
				PRODUCT_NAME = "$(TARGET_NAME)";
				PROVISIONING_PROFILE_SPECIFIER = "";
				"PROVISIONING_PROFILE_SPECIFIER[sdk=macosx*]" = "";
				SWIFT_VERSION = 5.0;
				TARGETED_DEVICE_FAMILY = "1,2";
				TEST_TARGET_NAME = GetCoupon;
			};
			name = Debug;
		};
		F35B3D59235BAC2D000F7ED0 /* Release */ = {
			isa = XCBuildConfiguration;
			buildSettings = {
				ALWAYS_EMBED_SWIFT_STANDARD_LIBRARIES = YES;
				CODE_SIGN_IDENTITY = "Apple Development";
				"CODE_SIGN_IDENTITY[sdk=macosx*]" = "Apple Development";
				CODE_SIGN_STYLE = Automatic;
				DEVELOPMENT_TEAM = WT55D455BY;
				INFOPLIST_FILE = GetCouponUITests/Info.plist;
				LD_RUNPATH_SEARCH_PATHS = (
					"$(inherited)",
					"@executable_path/Frameworks",
					"@loader_path/Frameworks",
				);
				PRODUCT_BUNDLE_IDENTIFIER = com.qq.GetCouponUITests;
				PRODUCT_NAME = "$(TARGET_NAME)";
				PROVISIONING_PROFILE_SPECIFIER = "";
				"PROVISIONING_PROFILE_SPECIFIER[sdk=macosx*]" = "";
				SWIFT_VERSION = 5.0;
				TARGETED_DEVICE_FAMILY = "1,2";
				TEST_TARGET_NAME = GetCoupon;
			};
			name = Release;
		};
		F378A4B524D1E1D40091C95C /* Debug */ = {
			isa = XCBuildConfiguration;
			buildSettings = {
				CODE_SIGN_IDENTITY = "Apple Development";
				CODE_SIGN_STYLE = Automatic;
				CURRENT_PROJECT_VERSION = 3;
				DEVELOPMENT_TEAM = WT55D455BY;
				INFOPLIST_FILE = GetCouponNotificationService/Info.plist;
				IPHONEOS_DEPLOYMENT_TARGET = 13.0;
				LD_RUNPATH_SEARCH_PATHS = (
					"$(inherited)",
					"@executable_path/Frameworks",
					"@executable_path/../../Frameworks",
				);
				MARKETING_VERSION = 1.2.0;
				PRODUCT_BUNDLE_IDENTIFIER = com.qq.GetCoupon.GetCouponNotificationService;
				PRODUCT_NAME = "$(TARGET_NAME)";
				SKIP_INSTALL = YES;
				SWIFT_VERSION = 5.0;
				TARGETED_DEVICE_FAMILY = 1;
			};
			name = Debug;
		};
		F378A4B624D1E1D40091C95C /* Release */ = {
			isa = XCBuildConfiguration;
			buildSettings = {
				CODE_SIGN_IDENTITY = "Apple Development";
				CODE_SIGN_STYLE = Automatic;
				CURRENT_PROJECT_VERSION = 3;
				DEVELOPMENT_TEAM = WT55D455BY;
				INFOPLIST_FILE = GetCouponNotificationService/Info.plist;
				IPHONEOS_DEPLOYMENT_TARGET = 13.0;
				LD_RUNPATH_SEARCH_PATHS = (
					"$(inherited)",
					"@executable_path/Frameworks",
					"@executable_path/../../Frameworks",
				);
				MARKETING_VERSION = 1.2.0;
				PRODUCT_BUNDLE_IDENTIFIER = com.qq.GetCoupon.GetCouponNotificationService;
				PRODUCT_NAME = "$(TARGET_NAME)";
				SKIP_INSTALL = YES;
				SWIFT_VERSION = 5.0;
				TARGETED_DEVICE_FAMILY = 1;
			};
			name = Release;
		};
/* End XCBuildConfiguration section */

/* Begin XCConfigurationList section */
		F35B3D1F235BAC25000F7ED0 /* Build configuration list for PBXProject "GetCoupon" */ = {
			isa = XCConfigurationList;
			buildConfigurations = (
				F35B3D4F235BAC2D000F7ED0 /* Debug */,
				F35B3D50235BAC2D000F7ED0 /* Release */,
			);
			defaultConfigurationIsVisible = 0;
			defaultConfigurationName = Release;
		};
		F35B3D51235BAC2D000F7ED0 /* Build configuration list for PBXNativeTarget "GetCoupon" */ = {
			isa = XCConfigurationList;
			buildConfigurations = (
				F35B3D52235BAC2D000F7ED0 /* Debug */,
				F35B3D53235BAC2D000F7ED0 /* Release */,
			);
			defaultConfigurationIsVisible = 0;
			defaultConfigurationName = Release;
		};
		F35B3D54235BAC2D000F7ED0 /* Build configuration list for PBXNativeTarget "GetCouponTests" */ = {
			isa = XCConfigurationList;
			buildConfigurations = (
				F35B3D55235BAC2D000F7ED0 /* Debug */,
				F35B3D56235BAC2D000F7ED0 /* Release */,
			);
			defaultConfigurationIsVisible = 0;
			defaultConfigurationName = Release;
		};
		F35B3D57235BAC2D000F7ED0 /* Build configuration list for PBXNativeTarget "GetCouponUITests" */ = {
			isa = XCConfigurationList;
			buildConfigurations = (
				F35B3D58235BAC2D000F7ED0 /* Debug */,
				F35B3D59235BAC2D000F7ED0 /* Release */,
			);
			defaultConfigurationIsVisible = 0;
			defaultConfigurationName = Release;
		};
		F378A4B424D1E1D40091C95C /* Build configuration list for PBXNativeTarget "GetCouponNotificationService" */ = {
			isa = XCConfigurationList;
			buildConfigurations = (
				F378A4B524D1E1D40091C95C /* Debug */,
				F378A4B624D1E1D40091C95C /* Release */,
			);
			defaultConfigurationIsVisible = 0;
			defaultConfigurationName = Release;
		};
/* End XCConfigurationList section */

/* Begin XCRemoteSwiftPackageReference section */
		F371E476242640D200301D5E /* XCRemoteSwiftPackageReference "RxSwift" */ = {
			isa = XCRemoteSwiftPackageReference;
			repositoryURL = "https://github.com/ReactiveX/RxSwift";
			requirement = {
				kind = upToNextMajorVersion;
				minimumVersion = 5.1.1;
			};
		};
		F371E4812426415100301D5E /* XCRemoteSwiftPackageReference "realm-cocoa" */ = {
			isa = XCRemoteSwiftPackageReference;
			repositoryURL = "https://github.com/realm/realm-cocoa";
			requirement = {
				kind = upToNextMajorVersion;
				minimumVersion = 5.3.0;
			};
		};
/* End XCRemoteSwiftPackageReference section */

/* Begin XCSwiftPackageProductDependency section */
		F371E477242640D200301D5E /* RxSwift */ = {
			isa = XCSwiftPackageProductDependency;
			package = F371E476242640D200301D5E /* XCRemoteSwiftPackageReference "RxSwift" */;
			productName = RxSwift;
		};
		F371E479242640D200301D5E /* RxTest */ = {
			isa = XCSwiftPackageProductDependency;
			package = F371E476242640D200301D5E /* XCRemoteSwiftPackageReference "RxSwift" */;
			productName = RxTest;
		};
		F371E47B242640D200301D5E /* RxRelay */ = {
			isa = XCSwiftPackageProductDependency;
			package = F371E476242640D200301D5E /* XCRemoteSwiftPackageReference "RxSwift" */;
			productName = RxRelay;
		};
		F371E47D242640D200301D5E /* RxCocoa */ = {
			isa = XCSwiftPackageProductDependency;
			package = F371E476242640D200301D5E /* XCRemoteSwiftPackageReference "RxSwift" */;
			productName = RxCocoa;
		};
		F371E47F242640D200301D5E /* RxBlocking */ = {
			isa = XCSwiftPackageProductDependency;
			package = F371E476242640D200301D5E /* XCRemoteSwiftPackageReference "RxSwift" */;
			productName = RxBlocking;
		};
		F371E4822426415100301D5E /* Realm */ = {
			isa = XCSwiftPackageProductDependency;
			package = F371E4812426415100301D5E /* XCRemoteSwiftPackageReference "realm-cocoa" */;
			productName = Realm;
		};
		F371E4842426415100301D5E /* RealmSwift */ = {
			isa = XCSwiftPackageProductDependency;
			package = F371E4812426415100301D5E /* XCRemoteSwiftPackageReference "realm-cocoa" */;
			productName = RealmSwift;
		};
/* End XCSwiftPackageProductDependency section */
	};
	rootObject = F35B3D1C235BAC25000F7ED0 /* Project object */;
}
