// !$*UTF8*$!
{
	archiveVersion = 1;
	classes = {
	};
	objectVersion = 52;
	objects = {

/* Begin PBXBuildFile section */
		F33A9F47239009C500A78A74 /* FavoritesViewController.swift in Sources */ = {isa = PBXBuildFile; fileRef = F33A9F46239009C500A78A74 /* FavoritesViewController.swift */; };
		F33A9F4B239068E200A78A74 /* FavoritesPlainCollectionViewCell.swift in Sources */ = {isa = PBXBuildFile; fileRef = F33A9F4A239068E200A78A74 /* FavoritesPlainCollectionViewCell.swift */; };
		F33A9F4D239069CD00A78A74 /* FavoritesSegmentedControlCollectionViewCell.swift in Sources */ = {isa = PBXBuildFile; fileRef = F33A9F4C239069CD00A78A74 /* FavoritesSegmentedControlCollectionViewCell.swift */; };
		F34251E4239C7A1A008ABD8C /* ShopTitleCollectionViewCell.swift in Sources */ = {isa = PBXBuildFile; fileRef = F34251E3239C7A1A008ABD8C /* ShopTitleCollectionViewCell.swift */; };
		F34251E6239C7A35008ABD8C /* ShopDetailTitleCollectionViewCell.swift in Sources */ = {isa = PBXBuildFile; fileRef = F34251E5239C7A35008ABD8C /* ShopDetailTitleCollectionViewCell.swift */; };
		F34251E8239C7D84008ABD8C /* ImageAndDescriptionUIView.swift in Sources */ = {isa = PBXBuildFile; fileRef = F34251E7239C7D84008ABD8C /* ImageAndDescriptionUIView.swift */; };
		F34251EA239D7102008ABD8C /* LogoWithFavoritesButton.swift in Sources */ = {isa = PBXBuildFile; fileRef = F34251E9239D7102008ABD8C /* LogoWithFavoritesButton.swift */; };
		F34251EC239DA83E008ABD8C /* ShopCategoryData.swift in Sources */ = {isa = PBXBuildFile; fileRef = F34251EB239DA83E008ABD8C /* ShopCategoryData.swift */; };
		F348666923CA6CC0004682B3 /* CacheController.swift in Sources */ = {isa = PBXBuildFile; fileRef = F348666823CA6CC0004682B3 /* CacheController.swift */; };
		F348666F23CBB5B5004682B3 /* NetworkController.swift in Sources */ = {isa = PBXBuildFile; fileRef = F348666E23CBB5B5004682B3 /* NetworkController.swift */; };
		F348667123CBF01D004682B3 /* SetupPreviewImageOperation.swift in Sources */ = {isa = PBXBuildFile; fileRef = F348667023CBF01D004682B3 /* SetupPreviewImageOperation.swift */; };
		F348667323CBF6F2004682B3 /* AsyncOperation.swift in Sources */ = {isa = PBXBuildFile; fileRef = F348667223CBF6F2004682B3 /* AsyncOperation.swift */; };
		F348667523CBFB93004682B3 /* SetupImageOperation.swift in Sources */ = {isa = PBXBuildFile; fileRef = F348667423CBFB93004682B3 /* SetupImageOperation.swift */; };
		F34C575A2437A235004A03B3 /* CouponViewController.swift in Sources */ = {isa = PBXBuildFile; fileRef = F34C57592437A235004A03B3 /* CouponViewController.swift */; };
		F34C575C2437B263004A03B3 /* CouponPopupView.swift in Sources */ = {isa = PBXBuildFile; fileRef = F34C575B2437B262004A03B3 /* CouponPopupView.swift */; };
		F353624F23CE09BC003D7BAB /* NetworkShopData.swift in Sources */ = {isa = PBXBuildFile; fileRef = F353624E23CE09BC003D7BAB /* NetworkShopData.swift */; };
		F353625123CE09D8003D7BAB /* NetworkPromoCodeData.swift in Sources */ = {isa = PBXBuildFile; fileRef = F353625023CE09D8003D7BAB /* NetworkPromoCodeData.swift */; };
		F353625323CE09EC003D7BAB /* NetworkShopCategoryData.swift in Sources */ = {isa = PBXBuildFile; fileRef = F353625223CE09EC003D7BAB /* NetworkShopCategoryData.swift */; };
		F35B3D28235BAC25000F7ED0 /* AppDelegate.swift in Sources */ = {isa = PBXBuildFile; fileRef = F35B3D27235BAC25000F7ED0 /* AppDelegate.swift */; };
		F35B3D2A235BAC25000F7ED0 /* SceneDelegate.swift in Sources */ = {isa = PBXBuildFile; fileRef = F35B3D29235BAC25000F7ED0 /* SceneDelegate.swift */; };
		F35B3D2C235BAC25000F7ED0 /* ViewController.swift in Sources */ = {isa = PBXBuildFile; fileRef = F35B3D2B235BAC25000F7ED0 /* ViewController.swift */; };
		F35B3D2F235BAC25000F7ED0 /* Main.storyboard in Resources */ = {isa = PBXBuildFile; fileRef = F35B3D2D235BAC25000F7ED0 /* Main.storyboard */; };
		F35B3D34235BAC2D000F7ED0 /* Assets.xcassets in Resources */ = {isa = PBXBuildFile; fileRef = F35B3D33235BAC2D000F7ED0 /* Assets.xcassets */; };
		F35B3D37235BAC2D000F7ED0 /* LaunchScreen.storyboard in Resources */ = {isa = PBXBuildFile; fileRef = F35B3D35235BAC2D000F7ED0 /* LaunchScreen.storyboard */; };
		F35B3D42235BAC2D000F7ED0 /* GetCouponTests.swift in Sources */ = {isa = PBXBuildFile; fileRef = F35B3D41235BAC2D000F7ED0 /* GetCouponTests.swift */; };
		F35B3D4D235BAC2D000F7ED0 /* GetCouponUITests.swift in Sources */ = {isa = PBXBuildFile; fileRef = F35B3D4C235BAC2D000F7ED0 /* GetCouponUITests.swift */; };
		F35B3D60235BB2D4000F7ED0 /* Favourites.storyboard in Resources */ = {isa = PBXBuildFile; fileRef = F35B3D5F235BB2D4000F7ED0 /* Favourites.storyboard */; };
		F35B3D62235BB2F5000F7ED0 /* Home.storyboard in Resources */ = {isa = PBXBuildFile; fileRef = F35B3D61235BB2F5000F7ED0 /* Home.storyboard */; };
		F35B3D64235BB37B000F7ED0 /* Search.storyboard in Resources */ = {isa = PBXBuildFile; fileRef = F35B3D63235BB37B000F7ED0 /* Search.storyboard */; };
		F35B3D66235BB38A000F7ED0 /* Settings.storyboard in Resources */ = {isa = PBXBuildFile; fileRef = F35B3D65235BB38A000F7ED0 /* Settings.storyboard */; };
		F35C081823946EB70047A85D /* SearchCollectionViewCell.swift in Sources */ = {isa = PBXBuildFile; fileRef = F35C081723946EB60047A85D /* SearchCollectionViewCell.swift */; };
		F35C651F23848DDC00E67B26 /* ShowMoreSupplementaryView.swift in Sources */ = {isa = PBXBuildFile; fileRef = F35C651E23848DDC00E67B26 /* ShowMoreSupplementaryView.swift */; };
		F35C65212384A03600E67B26 /* HomeCaptionImageCollectionViewCell.swift in Sources */ = {isa = PBXBuildFile; fileRef = F35C65202384A03600E67B26 /* HomeCaptionImageCollectionViewCell.swift */; };
		F371E478242640D200301D5E /* RxSwift in Frameworks */ = {isa = PBXBuildFile; productRef = F371E477242640D200301D5E /* RxSwift */; };
		F371E47A242640D200301D5E /* RxTest in Frameworks */ = {isa = PBXBuildFile; productRef = F371E479242640D200301D5E /* RxTest */; };
		F371E47C242640D200301D5E /* RxRelay in Frameworks */ = {isa = PBXBuildFile; productRef = F371E47B242640D200301D5E /* RxRelay */; };
		F371E47E242640D200301D5E /* RxCocoa in Frameworks */ = {isa = PBXBuildFile; productRef = F371E47D242640D200301D5E /* RxCocoa */; };
		F371E480242640D200301D5E /* RxBlocking in Frameworks */ = {isa = PBXBuildFile; productRef = F371E47F242640D200301D5E /* RxBlocking */; };
		F371E4832426415100301D5E /* Realm in Frameworks */ = {isa = PBXBuildFile; productRef = F371E4822426415100301D5E /* Realm */; };
		F371E4852426415100301D5E /* RealmSwift in Frameworks */ = {isa = PBXBuildFile; productRef = F371E4842426415100301D5E /* RealmSwift */; };
		F38F7A4823CA563100AAC409 /* ShopCategoryStoredData.swift in Sources */ = {isa = PBXBuildFile; fileRef = F38F7A4723CA563100AAC409 /* ShopCategoryStoredData.swift */; };
		F38F7A4A23CA564200AAC409 /* ShopStoredData.swift in Sources */ = {isa = PBXBuildFile; fileRef = F38F7A4923CA564200AAC409 /* ShopStoredData.swift */; };
		F38F7A4C23CA566200AAC409 /* PromoCodeStoredData.swift in Sources */ = {isa = PBXBuildFile; fileRef = F38F7A4B23CA566200AAC409 /* PromoCodeStoredData.swift */; };
		F39DCB0C2435389100D1BA7E /* SetupDefaultImageOperation.swift in Sources */ = {isa = PBXBuildFile; fileRef = F39DCB0B2435389100D1BA7E /* SetupDefaultImageOperation.swift */; };
		F3A4B1A6239709F400A47053 /* HomeDetailSegmentedControlCollectionViewCell.swift in Sources */ = {isa = PBXBuildFile; fileRef = F3A4B1A5239709F400A47053 /* HomeDetailSegmentedControlCollectionViewCell.swift */; };
		F3B804032380578A00481152 /* HomeCardCollectionViewCell.swift in Sources */ = {isa = PBXBuildFile; fileRef = F3B804022380578A00481152 /* HomeCardCollectionViewCell.swift */; };
		F3B80405238063A100481152 /* HomeViewController.swift in Sources */ = {isa = PBXBuildFile; fileRef = F3B80404238063A100481152 /* HomeViewController.swift */; };
		F3B804072380647000481152 /* HomeDataController.swift in Sources */ = {isa = PBXBuildFile; fileRef = F3B804062380647000481152 /* HomeDataController.swift */; };
		F3B8040F2380816F00481152 /* TitleSupplementaryView.swift in Sources */ = {isa = PBXBuildFile; fileRef = F3B8040E2380816F00481152 /* TitleSupplementaryView.swift */; };
		F3E0AEAF2385DBC70063E2C8 /* ShowMoreUIButton.swift in Sources */ = {isa = PBXBuildFile; fileRef = F3E0AEAE2385DBC70063E2C8 /* ShowMoreUIButton.swift */; };
		F3E0AEB1238804A10063E2C8 /* HomeDetailViewController.swift in Sources */ = {isa = PBXBuildFile; fileRef = F3E0AEB0238804A10063E2C8 /* HomeDetailViewController.swift */; };
		F3E0AEB5238882490063E2C8 /* HomeDetailCollectionViewCell.swift in Sources */ = {isa = PBXBuildFile; fileRef = F3E0AEB4238882490063E2C8 /* HomeDetailCollectionViewCell.swift */; };
		F3E0AEB9238A0B060063E2C8 /* LikeImageView.swift in Sources */ = {isa = PBXBuildFile; fileRef = F3E0AEB8238A0B060063E2C8 /* LikeImageView.swift */; };
		F3E0AEBB238C69350063E2C8 /* ModelController.swift in Sources */ = {isa = PBXBuildFile; fileRef = F3E0AEBA238C69350063E2C8 /* ModelController.swift */; };
		F3E0AEBE238C6A0E0063E2C8 /* FavoritesDataController.swift in Sources */ = {isa = PBXBuildFile; fileRef = F3E0AEBD238C6A0E0063E2C8 /* FavoritesDataController.swift */; };
		F3E0AEC0238C868C0063E2C8 /* AddToFavoritesButton.swift in Sources */ = {isa = PBXBuildFile; fileRef = F3E0AEBF238C868C0063E2C8 /* AddToFavoritesButton.swift */; };
		F3ED2D6423983E7B00726045 /* SettingsTableViewController.swift in Sources */ = {isa = PBXBuildFile; fileRef = F3ED2D6323983E7B00726045 /* SettingsTableViewController.swift */; };
		F3ED2D672398430900726045 /* SearchBaseViewController.swift in Sources */ = {isa = PBXBuildFile; fileRef = F3ED2D662398430900726045 /* SearchBaseViewController.swift */; };
		F3ED2D69239846DD00726045 /* SearchPlainCollectionViewCell.swift in Sources */ = {isa = PBXBuildFile; fileRef = F3ED2D68239846DD00726045 /* SearchPlainCollectionViewCell.swift */; };
		F3ED2D6C23984C9500726045 /* SearchMainViewController.swift in Sources */ = {isa = PBXBuildFile; fileRef = F3ED2D6B23984C9500726045 /* SearchMainViewController.swift */; };
		F3ED2D6E23984CB700726045 /* SearchResultsViewController.swift in Sources */ = {isa = PBXBuildFile; fileRef = F3ED2D6D23984CB700726045 /* SearchResultsViewController.swift */; };
		F3ED2D742399AEBC00726045 /* ShopViewController.swift in Sources */ = {isa = PBXBuildFile; fileRef = F3ED2D732399AEBC00726045 /* ShopViewController.swift */; };
		F3ED2D762399B31000726045 /* ShopData.swift in Sources */ = {isa = PBXBuildFile; fileRef = F3ED2D752399B31000726045 /* ShopData.swift */; };
		F3ED2D782399B33400726045 /* PromoCodeData.swift in Sources */ = {isa = PBXBuildFile; fileRef = F3ED2D772399B33400726045 /* PromoCodeData.swift */; };
		F3ED2D7A239AF8ED00726045 /* ShopPlainCollectionViewCell.swift in Sources */ = {isa = PBXBuildFile; fileRef = F3ED2D79239AF8ED00726045 /* ShopPlainCollectionViewCell.swift */; };
		F3ED2D7C239B269E00726045 /* PromocodeView.swift in Sources */ = {isa = PBXBuildFile; fileRef = F3ED2D7B239B269E00726045 /* PromocodeView.swift */; };
		F3F344582415754A005EF34C /* HomeViewModel.swift in Sources */ = {isa = PBXBuildFile; fileRef = F3F344572415754A005EF34C /* HomeViewModel.swift */; };
		F3F3445B24157C08005EF34C /* Navigator.swift in Sources */ = {isa = PBXBuildFile; fileRef = F3F3445A24157C08005EF34C /* Navigator.swift */; };
		F3F3445F2415896D005EF34C /* HomeDetailViewModel.swift in Sources */ = {isa = PBXBuildFile; fileRef = F3F3445E2415896D005EF34C /* HomeDetailViewModel.swift */; };
		F3F34462241A6660005EF34C /* ShopViewModel.swift in Sources */ = {isa = PBXBuildFile; fileRef = F3F34461241A6660005EF34C /* ShopViewModel.swift */; };
		F3F34466241E84DA005EF34C /* FavoritesViewModel.swift in Sources */ = {isa = PBXBuildFile; fileRef = F3F34465241E84DA005EF34C /* FavoritesViewModel.swift */; };
		F3F34469241FF57F005EF34C /* SearchViewModel.swift in Sources */ = {isa = PBXBuildFile; fileRef = F3F34468241FF57F005EF34C /* SearchViewModel.swift */; };
/* End PBXBuildFile section */

/* Begin PBXContainerItemProxy section */
		F35B3D3E235BAC2D000F7ED0 /* PBXContainerItemProxy */ = {
			isa = PBXContainerItemProxy;
			containerPortal = F35B3D1C235BAC25000F7ED0 /* Project object */;
			proxyType = 1;
			remoteGlobalIDString = F35B3D23235BAC25000F7ED0;
			remoteInfo = GetCoupon;
		};
		F35B3D49235BAC2D000F7ED0 /* PBXContainerItemProxy */ = {
			isa = PBXContainerItemProxy;
			containerPortal = F35B3D1C235BAC25000F7ED0 /* Project object */;
			proxyType = 1;
			remoteGlobalIDString = F35B3D23235BAC25000F7ED0;
			remoteInfo = GetCoupon;
		};
/* End PBXContainerItemProxy section */

/* Begin PBXFileReference section */
		F33A9F46239009C500A78A74 /* FavoritesViewController.swift */ = {isa = PBXFileReference; lastKnownFileType = sourcecode.swift; path = FavoritesViewController.swift; sourceTree = "<group>"; };
		F33A9F4A239068E200A78A74 /* FavoritesPlainCollectionViewCell.swift */ = {isa = PBXFileReference; lastKnownFileType = sourcecode.swift; path = FavoritesPlainCollectionViewCell.swift; sourceTree = "<group>"; };
		F33A9F4C239069CD00A78A74 /* FavoritesSegmentedControlCollectionViewCell.swift */ = {isa = PBXFileReference; lastKnownFileType = sourcecode.swift; path = FavoritesSegmentedControlCollectionViewCell.swift; sourceTree = "<group>"; };
		F34251E3239C7A1A008ABD8C /* ShopTitleCollectionViewCell.swift */ = {isa = PBXFileReference; lastKnownFileType = sourcecode.swift; path = ShopTitleCollectionViewCell.swift; sourceTree = "<group>"; };
		F34251E5239C7A35008ABD8C /* ShopDetailTitleCollectionViewCell.swift */ = {isa = PBXFileReference; lastKnownFileType = sourcecode.swift; path = ShopDetailTitleCollectionViewCell.swift; sourceTree = "<group>"; };
		F34251E7239C7D84008ABD8C /* ImageAndDescriptionUIView.swift */ = {isa = PBXFileReference; lastKnownFileType = sourcecode.swift; path = ImageAndDescriptionUIView.swift; sourceTree = "<group>"; };
		F34251E9239D7102008ABD8C /* LogoWithFavoritesButton.swift */ = {isa = PBXFileReference; lastKnownFileType = sourcecode.swift; path = LogoWithFavoritesButton.swift; sourceTree = "<group>"; };
		F34251EB239DA83E008ABD8C /* ShopCategoryData.swift */ = {isa = PBXFileReference; lastKnownFileType = sourcecode.swift; path = ShopCategoryData.swift; sourceTree = "<group>"; };
		F348666823CA6CC0004682B3 /* CacheController.swift */ = {isa = PBXFileReference; lastKnownFileType = sourcecode.swift; path = CacheController.swift; sourceTree = "<group>"; };
		F348666E23CBB5B5004682B3 /* NetworkController.swift */ = {isa = PBXFileReference; lastKnownFileType = sourcecode.swift; path = NetworkController.swift; sourceTree = "<group>"; };
		F348667023CBF01D004682B3 /* SetupPreviewImageOperation.swift */ = {isa = PBXFileReference; lastKnownFileType = sourcecode.swift; path = SetupPreviewImageOperation.swift; sourceTree = "<group>"; };
		F348667223CBF6F2004682B3 /* AsyncOperation.swift */ = {isa = PBXFileReference; lastKnownFileType = sourcecode.swift; path = AsyncOperation.swift; sourceTree = "<group>"; };
		F348667423CBFB93004682B3 /* SetupImageOperation.swift */ = {isa = PBXFileReference; lastKnownFileType = sourcecode.swift; path = SetupImageOperation.swift; sourceTree = "<group>"; };
		F34C57592437A235004A03B3 /* CouponViewController.swift */ = {isa = PBXFileReference; lastKnownFileType = sourcecode.swift; path = CouponViewController.swift; sourceTree = "<group>"; };
		F34C575B2437B262004A03B3 /* CouponPopupView.swift */ = {isa = PBXFileReference; lastKnownFileType = sourcecode.swift; path = CouponPopupView.swift; sourceTree = "<group>"; };
		F353624E23CE09BC003D7BAB /* NetworkShopData.swift */ = {isa = PBXFileReference; lastKnownFileType = sourcecode.swift; path = NetworkShopData.swift; sourceTree = "<group>"; };
		F353625023CE09D8003D7BAB /* NetworkPromoCodeData.swift */ = {isa = PBXFileReference; lastKnownFileType = sourcecode.swift; path = NetworkPromoCodeData.swift; sourceTree = "<group>"; };
		F353625223CE09EC003D7BAB /* NetworkShopCategoryData.swift */ = {isa = PBXFileReference; lastKnownFileType = sourcecode.swift; path = NetworkShopCategoryData.swift; sourceTree = "<group>"; };
		F35B3D24235BAC25000F7ED0 /* GetCoupon.app */ = {isa = PBXFileReference; explicitFileType = wrapper.application; includeInIndex = 0; path = GetCoupon.app; sourceTree = BUILT_PRODUCTS_DIR; };
		F35B3D27235BAC25000F7ED0 /* AppDelegate.swift */ = {isa = PBXFileReference; lastKnownFileType = sourcecode.swift; path = AppDelegate.swift; sourceTree = "<group>"; };
		F35B3D29235BAC25000F7ED0 /* SceneDelegate.swift */ = {isa = PBXFileReference; lastKnownFileType = sourcecode.swift; path = SceneDelegate.swift; sourceTree = "<group>"; };
		F35B3D2B235BAC25000F7ED0 /* ViewController.swift */ = {isa = PBXFileReference; lastKnownFileType = sourcecode.swift; path = ViewController.swift; sourceTree = "<group>"; };
		F35B3D2E235BAC25000F7ED0 /* Base */ = {isa = PBXFileReference; lastKnownFileType = file.storyboard; name = Base; path = Base.lproj/Main.storyboard; sourceTree = "<group>"; };
		F35B3D33235BAC2D000F7ED0 /* Assets.xcassets */ = {isa = PBXFileReference; lastKnownFileType = folder.assetcatalog; path = Assets.xcassets; sourceTree = "<group>"; };
		F35B3D36235BAC2D000F7ED0 /* Base */ = {isa = PBXFileReference; lastKnownFileType = file.storyboard; name = Base; path = Base.lproj/LaunchScreen.storyboard; sourceTree = "<group>"; };
		F35B3D38235BAC2D000F7ED0 /* Info.plist */ = {isa = PBXFileReference; lastKnownFileType = text.plist.xml; path = Info.plist; sourceTree = "<group>"; };
		F35B3D3D235BAC2D000F7ED0 /* GetCouponTests.xctest */ = {isa = PBXFileReference; explicitFileType = wrapper.cfbundle; includeInIndex = 0; path = GetCouponTests.xctest; sourceTree = BUILT_PRODUCTS_DIR; };
		F35B3D41235BAC2D000F7ED0 /* GetCouponTests.swift */ = {isa = PBXFileReference; lastKnownFileType = sourcecode.swift; path = GetCouponTests.swift; sourceTree = "<group>"; };
		F35B3D43235BAC2D000F7ED0 /* Info.plist */ = {isa = PBXFileReference; lastKnownFileType = text.plist.xml; path = Info.plist; sourceTree = "<group>"; };
		F35B3D48235BAC2D000F7ED0 /* GetCouponUITests.xctest */ = {isa = PBXFileReference; explicitFileType = wrapper.cfbundle; includeInIndex = 0; path = GetCouponUITests.xctest; sourceTree = BUILT_PRODUCTS_DIR; };
		F35B3D4C235BAC2D000F7ED0 /* GetCouponUITests.swift */ = {isa = PBXFileReference; lastKnownFileType = sourcecode.swift; path = GetCouponUITests.swift; sourceTree = "<group>"; };
		F35B3D4E235BAC2D000F7ED0 /* Info.plist */ = {isa = PBXFileReference; lastKnownFileType = text.plist.xml; path = Info.plist; sourceTree = "<group>"; };
		F35B3D5F235BB2D4000F7ED0 /* Favourites.storyboard */ = {isa = PBXFileReference; lastKnownFileType = file.storyboard; path = Favourites.storyboard; sourceTree = "<group>"; };
		F35B3D61235BB2F5000F7ED0 /* Home.storyboard */ = {isa = PBXFileReference; lastKnownFileType = file.storyboard; path = Home.storyboard; sourceTree = "<group>"; };
		F35B3D63235BB37B000F7ED0 /* Search.storyboard */ = {isa = PBXFileReference; lastKnownFileType = file.storyboard; path = Search.storyboard; sourceTree = "<group>"; };
		F35B3D65235BB38A000F7ED0 /* Settings.storyboard */ = {isa = PBXFileReference; lastKnownFileType = file.storyboard; path = Settings.storyboard; sourceTree = "<group>"; };
		F35C081723946EB60047A85D /* SearchCollectionViewCell.swift */ = {isa = PBXFileReference; lastKnownFileType = sourcecode.swift; path = SearchCollectionViewCell.swift; sourceTree = "<group>"; };
		F35C651E23848DDC00E67B26 /* ShowMoreSupplementaryView.swift */ = {isa = PBXFileReference; lastKnownFileType = sourcecode.swift; path = ShowMoreSupplementaryView.swift; sourceTree = "<group>"; };
		F35C65202384A03600E67B26 /* HomeCaptionImageCollectionViewCell.swift */ = {isa = PBXFileReference; lastKnownFileType = sourcecode.swift; path = HomeCaptionImageCollectionViewCell.swift; sourceTree = "<group>"; };
		F38F7A4723CA563100AAC409 /* ShopCategoryStoredData.swift */ = {isa = PBXFileReference; lastKnownFileType = sourcecode.swift; path = ShopCategoryStoredData.swift; sourceTree = "<group>"; };
		F38F7A4923CA564200AAC409 /* ShopStoredData.swift */ = {isa = PBXFileReference; lastKnownFileType = sourcecode.swift; path = ShopStoredData.swift; sourceTree = "<group>"; };
		F38F7A4B23CA566200AAC409 /* PromoCodeStoredData.swift */ = {isa = PBXFileReference; lastKnownFileType = sourcecode.swift; path = PromoCodeStoredData.swift; sourceTree = "<group>"; };
		F39DCB0B2435389100D1BA7E /* SetupDefaultImageOperation.swift */ = {isa = PBXFileReference; lastKnownFileType = sourcecode.swift; path = SetupDefaultImageOperation.swift; sourceTree = "<group>"; };
		F3A4B1A5239709F400A47053 /* HomeDetailSegmentedControlCollectionViewCell.swift */ = {isa = PBXFileReference; lastKnownFileType = sourcecode.swift; path = HomeDetailSegmentedControlCollectionViewCell.swift; sourceTree = "<group>"; };
		F3B804022380578A00481152 /* HomeCardCollectionViewCell.swift */ = {isa = PBXFileReference; lastKnownFileType = sourcecode.swift; path = HomeCardCollectionViewCell.swift; sourceTree = "<group>"; };
		F3B80404238063A100481152 /* HomeViewController.swift */ = {isa = PBXFileReference; lastKnownFileType = sourcecode.swift; path = HomeViewController.swift; sourceTree = "<group>"; };
		F3B804062380647000481152 /* HomeDataController.swift */ = {isa = PBXFileReference; lastKnownFileType = sourcecode.swift; path = HomeDataController.swift; sourceTree = "<group>"; };
		F3B8040E2380816F00481152 /* TitleSupplementaryView.swift */ = {isa = PBXFileReference; lastKnownFileType = sourcecode.swift; path = TitleSupplementaryView.swift; sourceTree = "<group>"; };
		F3E0AEAE2385DBC70063E2C8 /* ShowMoreUIButton.swift */ = {isa = PBXFileReference; lastKnownFileType = sourcecode.swift; path = ShowMoreUIButton.swift; sourceTree = "<group>"; };
		F3E0AEB0238804A10063E2C8 /* HomeDetailViewController.swift */ = {isa = PBXFileReference; lastKnownFileType = sourcecode.swift; path = HomeDetailViewController.swift; sourceTree = "<group>"; };
		F3E0AEB4238882490063E2C8 /* HomeDetailCollectionViewCell.swift */ = {isa = PBXFileReference; lastKnownFileType = sourcecode.swift; path = HomeDetailCollectionViewCell.swift; sourceTree = "<group>"; };
		F3E0AEB8238A0B060063E2C8 /* LikeImageView.swift */ = {isa = PBXFileReference; lastKnownFileType = sourcecode.swift; path = LikeImageView.swift; sourceTree = "<group>"; };
		F3E0AEBA238C69350063E2C8 /* ModelController.swift */ = {isa = PBXFileReference; lastKnownFileType = sourcecode.swift; path = ModelController.swift; sourceTree = "<group>"; };
		F3E0AEBD238C6A0E0063E2C8 /* FavoritesDataController.swift */ = {isa = PBXFileReference; lastKnownFileType = sourcecode.swift; path = FavoritesDataController.swift; sourceTree = "<group>"; };
		F3E0AEBF238C868C0063E2C8 /* AddToFavoritesButton.swift */ = {isa = PBXFileReference; lastKnownFileType = sourcecode.swift; path = AddToFavoritesButton.swift; sourceTree = "<group>"; };
		F3ED2D6323983E7B00726045 /* SettingsTableViewController.swift */ = {isa = PBXFileReference; lastKnownFileType = sourcecode.swift; path = SettingsTableViewController.swift; sourceTree = "<group>"; };
		F3ED2D662398430900726045 /* SearchBaseViewController.swift */ = {isa = PBXFileReference; lastKnownFileType = sourcecode.swift; path = SearchBaseViewController.swift; sourceTree = "<group>"; };
		F3ED2D68239846DD00726045 /* SearchPlainCollectionViewCell.swift */ = {isa = PBXFileReference; lastKnownFileType = sourcecode.swift; path = SearchPlainCollectionViewCell.swift; sourceTree = "<group>"; };
		F3ED2D6B23984C9500726045 /* SearchMainViewController.swift */ = {isa = PBXFileReference; lastKnownFileType = sourcecode.swift; path = SearchMainViewController.swift; sourceTree = "<group>"; };
		F3ED2D6D23984CB700726045 /* SearchResultsViewController.swift */ = {isa = PBXFileReference; lastKnownFileType = sourcecode.swift; path = SearchResultsViewController.swift; sourceTree = "<group>"; };
		F3ED2D732399AEBC00726045 /* ShopViewController.swift */ = {isa = PBXFileReference; lastKnownFileType = sourcecode.swift; path = ShopViewController.swift; sourceTree = "<group>"; };
		F3ED2D752399B31000726045 /* ShopData.swift */ = {isa = PBXFileReference; lastKnownFileType = sourcecode.swift; path = ShopData.swift; sourceTree = "<group>"; };
		F3ED2D772399B33400726045 /* PromoCodeData.swift */ = {isa = PBXFileReference; lastKnownFileType = sourcecode.swift; path = PromoCodeData.swift; sourceTree = "<group>"; };
		F3ED2D79239AF8ED00726045 /* ShopPlainCollectionViewCell.swift */ = {isa = PBXFileReference; lastKnownFileType = sourcecode.swift; path = ShopPlainCollectionViewCell.swift; sourceTree = "<group>"; };
		F3ED2D7B239B269E00726045 /* PromocodeView.swift */ = {isa = PBXFileReference; lastKnownFileType = sourcecode.swift; path = PromocodeView.swift; sourceTree = "<group>"; };
		F3F344572415754A005EF34C /* HomeViewModel.swift */ = {isa = PBXFileReference; lastKnownFileType = sourcecode.swift; path = HomeViewModel.swift; sourceTree = "<group>"; };
		F3F3445A24157C08005EF34C /* Navigator.swift */ = {isa = PBXFileReference; lastKnownFileType = sourcecode.swift; path = Navigator.swift; sourceTree = "<group>"; };
		F3F3445E2415896D005EF34C /* HomeDetailViewModel.swift */ = {isa = PBXFileReference; lastKnownFileType = sourcecode.swift; path = HomeDetailViewModel.swift; sourceTree = "<group>"; };
		F3F34461241A6660005EF34C /* ShopViewModel.swift */ = {isa = PBXFileReference; lastKnownFileType = sourcecode.swift; path = ShopViewModel.swift; sourceTree = "<group>"; };
		F3F34465241E84DA005EF34C /* FavoritesViewModel.swift */ = {isa = PBXFileReference; lastKnownFileType = sourcecode.swift; path = FavoritesViewModel.swift; sourceTree = "<group>"; };
		F3F34468241FF57F005EF34C /* SearchViewModel.swift */ = {isa = PBXFileReference; lastKnownFileType = sourcecode.swift; path = SearchViewModel.swift; sourceTree = "<group>"; };
/* End PBXFileReference section */

/* Begin PBXFrameworksBuildPhase section */
		F35B3D21235BAC25000F7ED0 /* Frameworks */ = {
			isa = PBXFrameworksBuildPhase;
			buildActionMask = 2147483647;
			files = (
				F371E47E242640D200301D5E /* RxCocoa in Frameworks */,
				F371E47C242640D200301D5E /* RxRelay in Frameworks */,
				F371E4832426415100301D5E /* Realm in Frameworks */,
				F371E4852426415100301D5E /* RealmSwift in Frameworks */,
				F371E478242640D200301D5E /* RxSwift in Frameworks */,
			);
			runOnlyForDeploymentPostprocessing = 0;
		};
		F35B3D3A235BAC2D000F7ED0 /* Frameworks */ = {
			isa = PBXFrameworksBuildPhase;
			buildActionMask = 2147483647;
			files = (
				F371E47A242640D200301D5E /* RxTest in Frameworks */,
				F371E480242640D200301D5E /* RxBlocking in Frameworks */,
			);
			runOnlyForDeploymentPostprocessing = 0;
		};
		F35B3D45235BAC2D000F7ED0 /* Frameworks */ = {
			isa = PBXFrameworksBuildPhase;
			buildActionMask = 2147483647;
			files = (
			);
			runOnlyForDeploymentPostprocessing = 0;
		};
/* End PBXFrameworksBuildPhase section */

/* Begin PBXGroup section */
		F33A9F452390097100A78A74 /* FavoritesControllers */ = {
			isa = PBXGroup;
			children = (
				F3E0AEBD238C6A0E0063E2C8 /* FavoritesDataController.swift */,
				F33A9F46239009C500A78A74 /* FavoritesViewController.swift */,
			);
			path = FavoritesControllers;
			sourceTree = "<group>";
		};
		F33A9F482390688F00A78A74 /* HomeViews */ = {
			isa = PBXGroup;
			children = (
				F3B804022380578A00481152 /* HomeCardCollectionViewCell.swift */,
				F35C65202384A03600E67B26 /* HomeCaptionImageCollectionViewCell.swift */,
				F3E0AEB4238882490063E2C8 /* HomeDetailCollectionViewCell.swift */,
				F3A4B1A5239709F400A47053 /* HomeDetailSegmentedControlCollectionViewCell.swift */,
			);
			path = HomeViews;
			sourceTree = "<group>";
		};
		F33A9F49239068B800A78A74 /* FavoritesViews */ = {
			isa = PBXGroup;
			children = (
				F33A9F4A239068E200A78A74 /* FavoritesPlainCollectionViewCell.swift */,
				F33A9F4C239069CD00A78A74 /* FavoritesSegmentedControlCollectionViewCell.swift */,
			);
			path = FavoritesViews;
			sourceTree = "<group>";
		};
		F34C57582437A1F2004A03B3 /* CouponView */ = {
			isa = PBXGroup;
			children = (
				F34C57592437A235004A03B3 /* CouponViewController.swift */,
				F34C575B2437B262004A03B3 /* CouponPopupView.swift */,
			);
			path = CouponView;
			sourceTree = "<group>";
		};
		F353624B23CE06A2003D7BAB /* Network */ = {
			isa = PBXGroup;
			children = (
				F348666E23CBB5B5004682B3 /* NetworkController.swift */,
				F353624E23CE09BC003D7BAB /* NetworkShopData.swift */,
				F353625023CE09D8003D7BAB /* NetworkPromoCodeData.swift */,
				F353625223CE09EC003D7BAB /* NetworkShopCategoryData.swift */,
			);
			path = Network;
			sourceTree = "<group>";
		};
		F353624C23CE06D2003D7BAB /* ImageOperations */ = {
			isa = PBXGroup;
			children = (
				F348667223CBF6F2004682B3 /* AsyncOperation.swift */,
				F348667023CBF01D004682B3 /* SetupPreviewImageOperation.swift */,
				F348667423CBFB93004682B3 /* SetupImageOperation.swift */,
				F39DCB0B2435389100D1BA7E /* SetupDefaultImageOperation.swift */,
			);
			path = ImageOperations;
			sourceTree = "<group>";
		};
		F353624D23CE0700003D7BAB /* ViewData */ = {
			isa = PBXGroup;
			children = (
				F3ED2D772399B33400726045 /* PromoCodeData.swift */,
				F3ED2D752399B31000726045 /* ShopData.swift */,
				F34251EB239DA83E008ABD8C /* ShopCategoryData.swift */,
			);
			path = ViewData;
			sourceTree = "<group>";
		};
		F35B3D1B235BAC25000F7ED0 = {
			isa = PBXGroup;
			children = (
				F35B3D26235BAC25000F7ED0 /* GetCoupon */,
				F3E0AEB3238881CE0063E2C8 /* Views */,
				F353624B23CE06A2003D7BAB /* Network */,
				F35B3D5C235BACB8000F7ED0 /* Data */,
				F3F3445924157BEE005EF34C /* Navigation */,
				F34C57582437A1F2004A03B3 /* CouponView */,
				F3ED2D722399AE6600726045 /* ShopControllers */,
				F3F34460241A663B005EF34C /* ShopViewModels */,
				F35B3D5A235BAC82000F7ED0 /* HomeControllers */,
				F3F344562415750D005EF34C /* HomeViewModels */,
				F33A9F452390097100A78A74 /* FavoritesControllers */,
				F3F34464241E8492005EF34C /* FavoritesViewModel */,
				F3ED2D652398417200726045 /* SearchControllers */,
				F3F34467241FF55C005EF34C /* SearchViewModel */,
				F3ED2D6223983DFD00726045 /* SettingsControllers */,
				F35B3D5B235BACA5000F7ED0 /* StoryBoards */,
				F35B3D40235BAC2D000F7ED0 /* GetCouponTests */,
				F35B3D4B235BAC2D000F7ED0 /* GetCouponUITests */,
				F35B3D25235BAC25000F7ED0 /* Products */,
			);
			sourceTree = "<group>";
		};
		F35B3D25235BAC25000F7ED0 /* Products */ = {
			isa = PBXGroup;
			children = (
				F35B3D24235BAC25000F7ED0 /* GetCoupon.app */,
				F35B3D3D235BAC2D000F7ED0 /* GetCouponTests.xctest */,
				F35B3D48235BAC2D000F7ED0 /* GetCouponUITests.xctest */,
			);
			name = Products;
			sourceTree = "<group>";
		};
		F35B3D26235BAC25000F7ED0 /* GetCoupon */ = {
			isa = PBXGroup;
			children = (
				F35B3D38235BAC2D000F7ED0 /* Info.plist */,
				F35B3D27235BAC25000F7ED0 /* AppDelegate.swift */,
				F35B3D29235BAC25000F7ED0 /* SceneDelegate.swift */,
				F35B3D2B235BAC25000F7ED0 /* ViewController.swift */,
				F35B3D33235BAC2D000F7ED0 /* Assets.xcassets */,
			);
			path = GetCoupon;
			sourceTree = "<group>";
		};
		F35B3D40235BAC2D000F7ED0 /* GetCouponTests */ = {
			isa = PBXGroup;
			children = (
				F35B3D41235BAC2D000F7ED0 /* GetCouponTests.swift */,
				F35B3D43235BAC2D000F7ED0 /* Info.plist */,
			);
			path = GetCouponTests;
			sourceTree = "<group>";
		};
		F35B3D4B235BAC2D000F7ED0 /* GetCouponUITests */ = {
			isa = PBXGroup;
			children = (
				F35B3D4C235BAC2D000F7ED0 /* GetCouponUITests.swift */,
				F35B3D4E235BAC2D000F7ED0 /* Info.plist */,
			);
			path = GetCouponUITests;
			sourceTree = "<group>";
		};
		F35B3D5A235BAC82000F7ED0 /* HomeControllers */ = {
			isa = PBXGroup;
			children = (
				F3B804062380647000481152 /* HomeDataController.swift */,
				F3B80404238063A100481152 /* HomeViewController.swift */,
				F3E0AEB0238804A10063E2C8 /* HomeDetailViewController.swift */,
			);
			path = HomeControllers;
			sourceTree = "<group>";
		};
		F35B3D5B235BACA5000F7ED0 /* StoryBoards */ = {
			isa = PBXGroup;
			children = (
				F35B3D35235BAC2D000F7ED0 /* LaunchScreen.storyboard */,
				F35B3D2D235BAC25000F7ED0 /* Main.storyboard */,
				F35B3D61235BB2F5000F7ED0 /* Home.storyboard */,
				F35B3D5F235BB2D4000F7ED0 /* Favourites.storyboard */,
				F35B3D63235BB37B000F7ED0 /* Search.storyboard */,
				F35B3D65235BB38A000F7ED0 /* Settings.storyboard */,
			);
			path = StoryBoards;
			sourceTree = "<group>";
		};
		F35B3D5C235BACB8000F7ED0 /* Data */ = {
			isa = PBXGroup;
			children = (
				F348666823CA6CC0004682B3 /* CacheController.swift */,
				F3E0AEBA238C69350063E2C8 /* ModelController.swift */,
				F38F7A4623CA560500AAC409 /* StoredData */,
				F353624D23CE0700003D7BAB /* ViewData */,
				F353624C23CE06D2003D7BAB /* ImageOperations */,
			);
			path = Data;
			sourceTree = "<group>";
		};
		F38F7A4623CA560500AAC409 /* StoredData */ = {
			isa = PBXGroup;
			children = (
				F38F7A4723CA563100AAC409 /* ShopCategoryStoredData.swift */,
				F38F7A4923CA564200AAC409 /* ShopStoredData.swift */,
				F38F7A4B23CA566200AAC409 /* PromoCodeStoredData.swift */,
			);
			path = StoredData;
			sourceTree = "<group>";
		};
		F3E0AEB3238881CE0063E2C8 /* Views */ = {
			isa = PBXGroup;
			children = (
				F3ED2D712399AD8100726045 /* ShopViews */,
				F33A9F49239068B800A78A74 /* FavoritesViews */,
				F33A9F482390688F00A78A74 /* HomeViews */,
				F3ED2D6A239846F300726045 /* SearchViews */,
				F3B8040E2380816F00481152 /* TitleSupplementaryView.swift */,
				F35C651E23848DDC00E67B26 /* ShowMoreSupplementaryView.swift */,
				F3E0AEAE2385DBC70063E2C8 /* ShowMoreUIButton.swift */,
				F3E0AEB8238A0B060063E2C8 /* LikeImageView.swift */,
				F3E0AEBF238C868C0063E2C8 /* AddToFavoritesButton.swift */,
				F35C081723946EB60047A85D /* SearchCollectionViewCell.swift */,
				F34251E7239C7D84008ABD8C /* ImageAndDescriptionUIView.swift */,
			);
			path = Views;
			sourceTree = "<group>";
		};
		F3ED2D6223983DFD00726045 /* SettingsControllers */ = {
			isa = PBXGroup;
			children = (
				F3ED2D6323983E7B00726045 /* SettingsTableViewController.swift */,
			);
			path = SettingsControllers;
			sourceTree = "<group>";
		};
		F3ED2D652398417200726045 /* SearchControllers */ = {
			isa = PBXGroup;
			children = (
				F3ED2D662398430900726045 /* SearchBaseViewController.swift */,
				F3ED2D6B23984C9500726045 /* SearchMainViewController.swift */,
				F3ED2D6D23984CB700726045 /* SearchResultsViewController.swift */,
			);
			path = SearchControllers;
			sourceTree = "<group>";
		};
		F3ED2D6A239846F300726045 /* SearchViews */ = {
			isa = PBXGroup;
			children = (
				F3ED2D68239846DD00726045 /* SearchPlainCollectionViewCell.swift */,
			);
			path = SearchViews;
			sourceTree = "<group>";
		};
		F3ED2D712399AD8100726045 /* ShopViews */ = {
			isa = PBXGroup;
			children = (
				F3ED2D79239AF8ED00726045 /* ShopPlainCollectionViewCell.swift */,
				F3ED2D7B239B269E00726045 /* PromocodeView.swift */,
				F34251E3239C7A1A008ABD8C /* ShopTitleCollectionViewCell.swift */,
				F34251E5239C7A35008ABD8C /* ShopDetailTitleCollectionViewCell.swift */,
				F34251E9239D7102008ABD8C /* LogoWithFavoritesButton.swift */,
			);
			path = ShopViews;
			sourceTree = "<group>";
		};
		F3ED2D722399AE6600726045 /* ShopControllers */ = {
			isa = PBXGroup;
			children = (
				F3ED2D732399AEBC00726045 /* ShopViewController.swift */,
			);
			path = ShopControllers;
			sourceTree = "<group>";
		};
		F3F344562415750D005EF34C /* HomeViewModels */ = {
			isa = PBXGroup;
			children = (
				F3F344572415754A005EF34C /* HomeViewModel.swift */,
				F3F3445E2415896D005EF34C /* HomeDetailViewModel.swift */,
			);
			path = HomeViewModels;
			sourceTree = "<group>";
		};
		F3F3445924157BEE005EF34C /* Navigation */ = {
			isa = PBXGroup;
			children = (
				F3F3445A24157C08005EF34C /* Navigator.swift */,
			);
			path = Navigation;
			sourceTree = "<group>";
		};
		F3F34460241A663B005EF34C /* ShopViewModels */ = {
			isa = PBXGroup;
			children = (
				F3F34461241A6660005EF34C /* ShopViewModel.swift */,
			);
			path = ShopViewModels;
			sourceTree = "<group>";
		};
		F3F34464241E8492005EF34C /* FavoritesViewModel */ = {
			isa = PBXGroup;
			children = (
				F3F34465241E84DA005EF34C /* FavoritesViewModel.swift */,
			);
			path = FavoritesViewModel;
			sourceTree = "<group>";
		};
		F3F34467241FF55C005EF34C /* SearchViewModel */ = {
			isa = PBXGroup;
			children = (
				F3F34468241FF57F005EF34C /* SearchViewModel.swift */,
			);
			path = SearchViewModel;
			sourceTree = "<group>";
		};
/* End PBXGroup section */

/* Begin PBXNativeTarget section */
		F35B3D23235BAC25000F7ED0 /* GetCoupon */ = {
			isa = PBXNativeTarget;
			buildConfigurationList = F35B3D51235BAC2D000F7ED0 /* Build configuration list for PBXNativeTarget "GetCoupon" */;
			buildPhases = (
				F35B3D20235BAC25000F7ED0 /* Sources */,
				F35B3D21235BAC25000F7ED0 /* Frameworks */,
				F35B3D22235BAC25000F7ED0 /* Resources */,
			);
			buildRules = (
			);
			dependencies = (
			);
			name = GetCoupon;
			packageProductDependencies = (
				F371E477242640D200301D5E /* RxSwift */,
				F371E47B242640D200301D5E /* RxRelay */,
				F371E47D242640D200301D5E /* RxCocoa */,
				F371E4822426415100301D5E /* Realm */,
				F371E4842426415100301D5E /* RealmSwift */,
			);
			productName = GetCoupon;
			productReference = F35B3D24235BAC25000F7ED0 /* GetCoupon.app */;
			productType = "com.apple.product-type.application";
		};
		F35B3D3C235BAC2D000F7ED0 /* GetCouponTests */ = {
			isa = PBXNativeTarget;
			buildConfigurationList = F35B3D54235BAC2D000F7ED0 /* Build configuration list for PBXNativeTarget "GetCouponTests" */;
			buildPhases = (
				F35B3D39235BAC2D000F7ED0 /* Sources */,
				F35B3D3A235BAC2D000F7ED0 /* Frameworks */,
				F35B3D3B235BAC2D000F7ED0 /* Resources */,
			);
			buildRules = (
			);
			dependencies = (
				F35B3D3F235BAC2D000F7ED0 /* PBXTargetDependency */,
			);
			name = GetCouponTests;
			packageProductDependencies = (
				F371E479242640D200301D5E /* RxTest */,
				F371E47F242640D200301D5E /* RxBlocking */,
			);
			productName = GetCouponTests;
			productReference = F35B3D3D235BAC2D000F7ED0 /* GetCouponTests.xctest */;
			productType = "com.apple.product-type.bundle.unit-test";
		};
		F35B3D47235BAC2D000F7ED0 /* GetCouponUITests */ = {
			isa = PBXNativeTarget;
			buildConfigurationList = F35B3D57235BAC2D000F7ED0 /* Build configuration list for PBXNativeTarget "GetCouponUITests" */;
			buildPhases = (
				F35B3D44235BAC2D000F7ED0 /* Sources */,
				F35B3D45235BAC2D000F7ED0 /* Frameworks */,
				F35B3D46235BAC2D000F7ED0 /* Resources */,
			);
			buildRules = (
			);
			dependencies = (
				F35B3D4A235BAC2D000F7ED0 /* PBXTargetDependency */,
			);
			name = GetCouponUITests;
			productName = GetCouponUITests;
			productReference = F35B3D48235BAC2D000F7ED0 /* GetCouponUITests.xctest */;
			productType = "com.apple.product-type.bundle.ui-testing";
		};
/* End PBXNativeTarget section */

/* Begin PBXProject section */
		F35B3D1C235BAC25000F7ED0 /* Project object */ = {
			isa = PBXProject;
			attributes = {
				LastSwiftUpdateCheck = 1110;
				LastUpgradeCheck = 1110;
				ORGANIZATIONNAME = "Nikita Konashenko";
				TargetAttributes = {
					F35B3D23235BAC25000F7ED0 = {
						CreatedOnToolsVersion = 11.1;
					};
					F35B3D3C235BAC2D000F7ED0 = {
						CreatedOnToolsVersion = 11.1;
						TestTargetID = F35B3D23235BAC25000F7ED0;
					};
					F35B3D47235BAC2D000F7ED0 = {
						CreatedOnToolsVersion = 11.1;
						TestTargetID = F35B3D23235BAC25000F7ED0;
					};
				};
			};
			buildConfigurationList = F35B3D1F235BAC25000F7ED0 /* Build configuration list for PBXProject "GetCoupon" */;
			compatibilityVersion = "Xcode 9.3";
			developmentRegion = en;
			hasScannedForEncodings = 0;
			knownRegions = (
				en,
				Base,
			);
			mainGroup = F35B3D1B235BAC25000F7ED0;
			packageReferences = (
				F371E476242640D200301D5E /* XCRemoteSwiftPackageReference "RxSwift" */,
				F371E4812426415100301D5E /* XCRemoteSwiftPackageReference "realm-cocoa" */,
			);
			productRefGroup = F35B3D25235BAC25000F7ED0 /* Products */;
			projectDirPath = "";
			projectRoot = "";
			targets = (
				F35B3D23235BAC25000F7ED0 /* GetCoupon */,
				F35B3D3C235BAC2D000F7ED0 /* GetCouponTests */,
				F35B3D47235BAC2D000F7ED0 /* GetCouponUITests */,
			);
		};
/* End PBXProject section */

/* Begin PBXResourcesBuildPhase section */
		F35B3D22235BAC25000F7ED0 /* Resources */ = {
			isa = PBXResourcesBuildPhase;
			buildActionMask = 2147483647;
			files = (
				F35B3D60235BB2D4000F7ED0 /* Favourites.storyboard in Resources */,
				F35B3D62235BB2F5000F7ED0 /* Home.storyboard in Resources */,
				F35B3D37235BAC2D000F7ED0 /* LaunchScreen.storyboard in Resources */,
				F35B3D34235BAC2D000F7ED0 /* Assets.xcassets in Resources */,
				F35B3D64235BB37B000F7ED0 /* Search.storyboard in Resources */,
				F35B3D2F235BAC25000F7ED0 /* Main.storyboard in Resources */,
				F35B3D66235BB38A000F7ED0 /* Settings.storyboard in Resources */,
			);
			runOnlyForDeploymentPostprocessing = 0;
		};
		F35B3D3B235BAC2D000F7ED0 /* Resources */ = {
			isa = PBXResourcesBuildPhase;
			buildActionMask = 2147483647;
			files = (
			);
			runOnlyForDeploymentPostprocessing = 0;
		};
		F35B3D46235BAC2D000F7ED0 /* Resources */ = {
			isa = PBXResourcesBuildPhase;
			buildActionMask = 2147483647;
			files = (
			);
			runOnlyForDeploymentPostprocessing = 0;
		};
/* End PBXResourcesBuildPhase section */

/* Begin PBXSourcesBuildPhase section */
		F35B3D20235BAC25000F7ED0 /* Sources */ = {
			isa = PBXSourcesBuildPhase;
			buildActionMask = 2147483647;
			files = (
				F3E0AEB5238882490063E2C8 /* HomeDetailCollectionViewCell.swift in Sources */,
				F3A4B1A6239709F400A47053 /* HomeDetailSegmentedControlCollectionViewCell.swift in Sources */,
				F3F3445B24157C08005EF34C /* Navigator.swift in Sources */,
				F34C575C2437B263004A03B3 /* CouponPopupView.swift in Sources */,
				F3ED2D7A239AF8ED00726045 /* ShopPlainCollectionViewCell.swift in Sources */,
				F33A9F4B239068E200A78A74 /* FavoritesPlainCollectionViewCell.swift in Sources */,
				F38F7A4A23CA564200AAC409 /* ShopStoredData.swift in Sources */,
				F3E0AEB9238A0B060063E2C8 /* LikeImageView.swift in Sources */,
				F3F34466241E84DA005EF34C /* FavoritesViewModel.swift in Sources */,
				F3E0AEB1238804A10063E2C8 /* HomeDetailViewController.swift in Sources */,
				F3E0AEC0238C868C0063E2C8 /* AddToFavoritesButton.swift in Sources */,
				F3E0AEAF2385DBC70063E2C8 /* ShowMoreUIButton.swift in Sources */,
				F3B804032380578A00481152 /* HomeCardCollectionViewCell.swift in Sources */,
				F34251E6239C7A35008ABD8C /* ShopDetailTitleCollectionViewCell.swift in Sources */,
				F3E0AEBE238C6A0E0063E2C8 /* FavoritesDataController.swift in Sources */,
				F35C081823946EB70047A85D /* SearchCollectionViewCell.swift in Sources */,
				F353624F23CE09BC003D7BAB /* NetworkShopData.swift in Sources */,
				F35B3D2C235BAC25000F7ED0 /* ViewController.swift in Sources */,
				F34C575A2437A235004A03B3 /* CouponViewController.swift in Sources */,
				F3ED2D782399B33400726045 /* PromoCodeData.swift in Sources */,
				F3ED2D742399AEBC00726045 /* ShopViewController.swift in Sources */,
				F35B3D28235BAC25000F7ED0 /* AppDelegate.swift in Sources */,
				F348667523CBFB93004682B3 /* SetupImageOperation.swift in Sources */,
				F3F34462241A6660005EF34C /* ShopViewModel.swift in Sources */,
				F3F3445F2415896D005EF34C /* HomeDetailViewModel.swift in Sources */,
				F33A9F4D239069CD00A78A74 /* FavoritesSegmentedControlCollectionViewCell.swift in Sources */,
				F3F34469241FF57F005EF34C /* SearchViewModel.swift in Sources */,
				F38F7A4C23CA566200AAC409 /* PromoCodeStoredData.swift in Sources */,
				F3E0AEBB238C69350063E2C8 /* ModelController.swift in Sources */,
				F3ED2D6C23984C9500726045 /* SearchMainViewController.swift in Sources */,
				F3F344582415754A005EF34C /* HomeViewModel.swift in Sources */,
				F38F7A4823CA563100AAC409 /* ShopCategoryStoredData.swift in Sources */,
				F3ED2D6423983E7B00726045 /* SettingsTableViewController.swift in Sources */,
				F35B3D2A235BAC25000F7ED0 /* SceneDelegate.swift in Sources */,
				F353625323CE09EC003D7BAB /* NetworkShopCategoryData.swift in Sources */,
				F348667123CBF01D004682B3 /* SetupPreviewImageOperation.swift in Sources */,
				F3B80405238063A100481152 /* HomeViewController.swift in Sources */,
				F3B8040F2380816F00481152 /* TitleSupplementaryView.swift in Sources */,
				F3ED2D69239846DD00726045 /* SearchPlainCollectionViewCell.swift in Sources */,
				F33A9F47239009C500A78A74 /* FavoritesViewController.swift in Sources */,
				F39DCB0C2435389100D1BA7E /* SetupDefaultImageOperation.swift in Sources */,
				F34251EA239D7102008ABD8C /* LogoWithFavoritesButton.swift in Sources */,
				F353625123CE09D8003D7BAB /* NetworkPromoCodeData.swift in Sources */,
				F348666F23CBB5B5004682B3 /* NetworkController.swift in Sources */,
				F3ED2D672398430900726045 /* SearchBaseViewController.swift in Sources */,
				F3B804072380647000481152 /* HomeDataController.swift in Sources */,
				F348666923CA6CC0004682B3 /* CacheController.swift in Sources */,
				F34251E4239C7A1A008ABD8C /* ShopTitleCollectionViewCell.swift in Sources */,
				F35C65212384A03600E67B26 /* HomeCaptionImageCollectionViewCell.swift in Sources */,
				F34251EC239DA83E008ABD8C /* ShopCategoryData.swift in Sources */,
				F35C651F23848DDC00E67B26 /* ShowMoreSupplementaryView.swift in Sources */,
				F3ED2D762399B31000726045 /* ShopData.swift in Sources */,
				F3ED2D7C239B269E00726045 /* PromocodeView.swift in Sources */,
				F34251E8239C7D84008ABD8C /* ImageAndDescriptionUIView.swift in Sources */,
				F348667323CBF6F2004682B3 /* AsyncOperation.swift in Sources */,
				F3ED2D6E23984CB700726045 /* SearchResultsViewController.swift in Sources */,
			);
			runOnlyForDeploymentPostprocessing = 0;
		};
		F35B3D39235BAC2D000F7ED0 /* Sources */ = {
			isa = PBXSourcesBuildPhase;
			buildActionMask = 2147483647;
			files = (
				F35B3D42235BAC2D000F7ED0 /* GetCouponTests.swift in Sources */,
			);
			runOnlyForDeploymentPostprocessing = 0;
		};
		F35B3D44235BAC2D000F7ED0 /* Sources */ = {
			isa = PBXSourcesBuildPhase;
			buildActionMask = 2147483647;
			files = (
				F35B3D4D235BAC2D000F7ED0 /* GetCouponUITests.swift in Sources */,
			);
			runOnlyForDeploymentPostprocessing = 0;
		};
/* End PBXSourcesBuildPhase section */

/* Begin PBXTargetDependency section */
		F35B3D3F235BAC2D000F7ED0 /* PBXTargetDependency */ = {
			isa = PBXTargetDependency;
			target = F35B3D23235BAC25000F7ED0 /* GetCoupon */;
			targetProxy = F35B3D3E235BAC2D000F7ED0 /* PBXContainerItemProxy */;
		};
		F35B3D4A235BAC2D000F7ED0 /* PBXTargetDependency */ = {
			isa = PBXTargetDependency;
			target = F35B3D23235BAC25000F7ED0 /* GetCoupon */;
			targetProxy = F35B3D49235BAC2D000F7ED0 /* PBXContainerItemProxy */;
		};
/* End PBXTargetDependency section */

/* Begin PBXVariantGroup section */
		F35B3D2D235BAC25000F7ED0 /* Main.storyboard */ = {
			isa = PBXVariantGroup;
			children = (
				F35B3D2E235BAC25000F7ED0 /* Base */,
			);
			name = Main.storyboard;
			sourceTree = "<group>";
		};
		F35B3D35235BAC2D000F7ED0 /* LaunchScreen.storyboard */ = {
			isa = PBXVariantGroup;
			children = (
				F35B3D36235BAC2D000F7ED0 /* Base */,
			);
			name = LaunchScreen.storyboard;
			sourceTree = "<group>";
		};
/* End PBXVariantGroup section */

/* Begin XCBuildConfiguration section */
		F35B3D4F235BAC2D000F7ED0 /* Debug */ = {
			isa = XCBuildConfiguration;
			buildSettings = {
				ALWAYS_SEARCH_USER_PATHS = NO;
				CLANG_ANALYZER_NONNULL = YES;
				CLANG_ANALYZER_NUMBER_OBJECT_CONVERSION = YES_AGGRESSIVE;
				CLANG_CXX_LANGUAGE_STANDARD = "gnu++14";
				CLANG_CXX_LIBRARY = "libc++";
				CLANG_ENABLE_MODULES = YES;
				CLANG_ENABLE_OBJC_ARC = YES;
				CLANG_ENABLE_OBJC_WEAK = YES;
				CLANG_WARN_BLOCK_CAPTURE_AUTORELEASING = YES;
				CLANG_WARN_BOOL_CONVERSION = YES;
				CLANG_WARN_COMMA = YES;
				CLANG_WARN_CONSTANT_CONVERSION = YES;
				CLANG_WARN_DEPRECATED_OBJC_IMPLEMENTATIONS = YES;
				CLANG_WARN_DIRECT_OBJC_ISA_USAGE = YES_ERROR;
				CLANG_WARN_DOCUMENTATION_COMMENTS = YES;
				CLANG_WARN_EMPTY_BODY = YES;
				CLANG_WARN_ENUM_CONVERSION = YES;
				CLANG_WARN_INFINITE_RECURSION = YES;
				CLANG_WARN_INT_CONVERSION = YES;
				CLANG_WARN_NON_LITERAL_NULL_CONVERSION = YES;
				CLANG_WARN_OBJC_IMPLICIT_RETAIN_SELF = YES;
				CLANG_WARN_OBJC_LITERAL_CONVERSION = YES;
				CLANG_WARN_OBJC_ROOT_CLASS = YES_ERROR;
				CLANG_WARN_RANGE_LOOP_ANALYSIS = YES;
				CLANG_WARN_STRICT_PROTOTYPES = YES;
				CLANG_WARN_SUSPICIOUS_MOVE = YES;
				CLANG_WARN_UNGUARDED_AVAILABILITY = YES_AGGRESSIVE;
				CLANG_WARN_UNREACHABLE_CODE = YES;
				CLANG_WARN__DUPLICATE_METHOD_MATCH = YES;
				COPY_PHASE_STRIP = NO;
				DEBUG_INFORMATION_FORMAT = dwarf;
				ENABLE_STRICT_OBJC_MSGSEND = YES;
				ENABLE_TESTABILITY = YES;
				GCC_C_LANGUAGE_STANDARD = gnu11;
				GCC_DYNAMIC_NO_PIC = NO;
				GCC_NO_COMMON_BLOCKS = YES;
				GCC_OPTIMIZATION_LEVEL = 0;
				GCC_PREPROCESSOR_DEFINITIONS = (
					"DEBUG=1",
					"$(inherited)",
				);
				GCC_WARN_64_TO_32_BIT_CONVERSION = YES;
				GCC_WARN_ABOUT_RETURN_TYPE = YES_ERROR;
				GCC_WARN_UNDECLARED_SELECTOR = YES;
				GCC_WARN_UNINITIALIZED_AUTOS = YES_AGGRESSIVE;
				GCC_WARN_UNUSED_FUNCTION = YES;
				GCC_WARN_UNUSED_VARIABLE = YES;
				IPHONEOS_DEPLOYMENT_TARGET = 13.0;
				MTL_ENABLE_DEBUG_INFO = INCLUDE_SOURCE;
				MTL_FAST_MATH = YES;
				ONLY_ACTIVE_ARCH = YES;
				SDKROOT = iphoneos;
				SWIFT_ACTIVE_COMPILATION_CONDITIONS = DEBUG;
				SWIFT_OPTIMIZATION_LEVEL = "-Onone";
			};
			name = Debug;
		};
		F35B3D50235BAC2D000F7ED0 /* Release */ = {
			isa = XCBuildConfiguration;
			buildSettings = {
				ALWAYS_SEARCH_USER_PATHS = NO;
				CLANG_ANALYZER_NONNULL = YES;
				CLANG_ANALYZER_NUMBER_OBJECT_CONVERSION = YES_AGGRESSIVE;
				CLANG_CXX_LANGUAGE_STANDARD = "gnu++14";
				CLANG_CXX_LIBRARY = "libc++";
				CLANG_ENABLE_MODULES = YES;
				CLANG_ENABLE_OBJC_ARC = YES;
				CLANG_ENABLE_OBJC_WEAK = YES;
				CLANG_WARN_BLOCK_CAPTURE_AUTORELEASING = YES;
				CLANG_WARN_BOOL_CONVERSION = YES;
				CLANG_WARN_COMMA = YES;
				CLANG_WARN_CONSTANT_CONVERSION = YES;
				CLANG_WARN_DEPRECATED_OBJC_IMPLEMENTATIONS = YES;
				CLANG_WARN_DIRECT_OBJC_ISA_USAGE = YES_ERROR;
				CLANG_WARN_DOCUMENTATION_COMMENTS = YES;
				CLANG_WARN_EMPTY_BODY = YES;
				CLANG_WARN_ENUM_CONVERSION = YES;
				CLANG_WARN_INFINITE_RECURSION = YES;
				CLANG_WARN_INT_CONVERSION = YES;
				CLANG_WARN_NON_LITERAL_NULL_CONVERSION = YES;
				CLANG_WARN_OBJC_IMPLICIT_RETAIN_SELF = YES;
				CLANG_WARN_OBJC_LITERAL_CONVERSION = YES;
				CLANG_WARN_OBJC_ROOT_CLASS = YES_ERROR;
				CLANG_WARN_RANGE_LOOP_ANALYSIS = YES;
				CLANG_WARN_STRICT_PROTOTYPES = YES;
				CLANG_WARN_SUSPICIOUS_MOVE = YES;
				CLANG_WARN_UNGUARDED_AVAILABILITY = YES_AGGRESSIVE;
				CLANG_WARN_UNREACHABLE_CODE = YES;
				CLANG_WARN__DUPLICATE_METHOD_MATCH = YES;
				COPY_PHASE_STRIP = NO;
				DEBUG_INFORMATION_FORMAT = "dwarf-with-dsym";
				ENABLE_NS_ASSERTIONS = NO;
				ENABLE_STRICT_OBJC_MSGSEND = YES;
				GCC_C_LANGUAGE_STANDARD = gnu11;
				GCC_NO_COMMON_BLOCKS = YES;
				GCC_WARN_64_TO_32_BIT_CONVERSION = YES;
				GCC_WARN_ABOUT_RETURN_TYPE = YES_ERROR;
				GCC_WARN_UNDECLARED_SELECTOR = YES;
				GCC_WARN_UNINITIALIZED_AUTOS = YES_AGGRESSIVE;
				GCC_WARN_UNUSED_FUNCTION = YES;
				GCC_WARN_UNUSED_VARIABLE = YES;
				IPHONEOS_DEPLOYMENT_TARGET = 13.0;
				MTL_ENABLE_DEBUG_INFO = NO;
				MTL_FAST_MATH = YES;
				SDKROOT = iphoneos;
				SWIFT_COMPILATION_MODE = wholemodule;
				SWIFT_OPTIMIZATION_LEVEL = "-O";
				VALIDATE_PRODUCT = YES;
			};
			name = Release;
		};
		F35B3D52235BAC2D000F7ED0 /* Debug */ = {
			isa = XCBuildConfiguration;
			buildSettings = {
				ASSETCATALOG_COMPILER_APPICON_NAME = AppIcon;
				CODE_SIGN_IDENTITY = "Apple Development";
				CODE_SIGN_STYLE = Automatic;
				DEVELOPMENT_TEAM = WT55D455BY;
				INFOPLIST_FILE = GetCoupon/Info.plist;
				LD_RUNPATH_SEARCH_PATHS = (
					"$(inherited)",
					"@executable_path/Frameworks",
				);
				PRODUCT_BUNDLE_IDENTIFIER = com.qq.GetCoupon;
				PRODUCT_NAME = "$(TARGET_NAME)";
				PROVISIONING_PROFILE_SPECIFIER = "";
				SWIFT_VERSION = 5.0;
				TARGETED_DEVICE_FAMILY = "1,2";
			};
			name = Debug;
		};
		F35B3D53235BAC2D000F7ED0 /* Release */ = {
			isa = XCBuildConfiguration;
			buildSettings = {
				ASSETCATALOG_COMPILER_APPICON_NAME = AppIcon;
				CODE_SIGN_IDENTITY = "Apple Development";
				CODE_SIGN_STYLE = Automatic;
				DEVELOPMENT_TEAM = WT55D455BY;
				INFOPLIST_FILE = GetCoupon/Info.plist;
				LD_RUNPATH_SEARCH_PATHS = (
					"$(inherited)",
					"@executable_path/Frameworks",
				);
				PRODUCT_BUNDLE_IDENTIFIER = com.qq.GetCoupon;
				PRODUCT_NAME = "$(TARGET_NAME)";
				PROVISIONING_PROFILE_SPECIFIER = "";
				SWIFT_VERSION = 5.0;
				TARGETED_DEVICE_FAMILY = "1,2";
			};
			name = Release;
		};
		F35B3D55235BAC2D000F7ED0 /* Debug */ = {
			isa = XCBuildConfiguration;
			buildSettings = {
				ALWAYS_EMBED_SWIFT_STANDARD_LIBRARIES = YES;
				BUNDLE_LOADER = "$(TEST_HOST)";
				CODE_SIGN_STYLE = Automatic;
				DEVELOPMENT_TEAM = WT55D455BY;
				INFOPLIST_FILE = GetCouponTests/Info.plist;
				IPHONEOS_DEPLOYMENT_TARGET = 13.1;
				LD_RUNPATH_SEARCH_PATHS = (
					"$(inherited)",
					"@executable_path/Frameworks",
					"@loader_path/Frameworks",
				);
				"OTHER_LDFLAGS[arch=*]" = "";
				PRODUCT_BUNDLE_IDENTIFIER = com.qq.GetCouponTests;
				PRODUCT_NAME = "$(TARGET_NAME)";
				SWIFT_VERSION = 5.0;
				TARGETED_DEVICE_FAMILY = "1,2";
				TEST_HOST = "$(BUILT_PRODUCTS_DIR)/GetCoupon.app/GetCoupon";
			};
			name = Debug;
		};
		F35B3D56235BAC2D000F7ED0 /* Release */ = {
			isa = XCBuildConfiguration;
			buildSettings = {
				ALWAYS_EMBED_SWIFT_STANDARD_LIBRARIES = YES;
				BUNDLE_LOADER = "$(TEST_HOST)";
				CODE_SIGN_STYLE = Automatic;
				DEVELOPMENT_TEAM = WT55D455BY;
				INFOPLIST_FILE = GetCouponTests/Info.plist;
				IPHONEOS_DEPLOYMENT_TARGET = 13.1;
				LD_RUNPATH_SEARCH_PATHS = (
					"$(inherited)",
					"@executable_path/Frameworks",
					"@loader_path/Frameworks",
				);
				PRODUCT_BUNDLE_IDENTIFIER = com.qq.GetCouponTests;
				PRODUCT_NAME = "$(TARGET_NAME)";
				SWIFT_VERSION = 5.0;
				TARGETED_DEVICE_FAMILY = "1,2";
				TEST_HOST = "$(BUILT_PRODUCTS_DIR)/GetCoupon.app/GetCoupon";
			};
			name = Release;
		};
		F35B3D58235BAC2D000F7ED0 /* Debug */ = {
			isa = XCBuildConfiguration;
			buildSettings = {
				ALWAYS_EMBED_SWIFT_STANDARD_LIBRARIES = YES;
				CODE_SIGN_IDENTITY = "Apple Development";
				"CODE_SIGN_IDENTITY[sdk=macosx*]" = "Apple Development";
				CODE_SIGN_STYLE = Automatic;
				DEVELOPMENT_TEAM = WT55D455BY;
				INFOPLIST_FILE = GetCouponUITests/Info.plist;
				LD_RUNPATH_SEARCH_PATHS = (
					"$(inherited)",
					"@executable_path/Frameworks",
					"@loader_path/Frameworks",
				);
				PRODUCT_BUNDLE_IDENTIFIER = com.qq.GetCouponUITests;
				PRODUCT_NAME = "$(TARGET_NAME)";
				PROVISIONING_PROFILE_SPECIFIER = "";
				"PROVISIONING_PROFILE_SPECIFIER[sdk=macosx*]" = "";
				SWIFT_VERSION = 5.0;
				TARGETED_DEVICE_FAMILY = "1,2";
				TEST_TARGET_NAME = GetCoupon;
			};
			name = Debug;
		};
		F35B3D59235BAC2D000F7ED0 /* Release */ = {
			isa = XCBuildConfiguration;
			buildSettings = {
				ALWAYS_EMBED_SWIFT_STANDARD_LIBRARIES = YES;
				CODE_SIGN_IDENTITY = "Apple Development";
				"CODE_SIGN_IDENTITY[sdk=macosx*]" = "Apple Development";
				CODE_SIGN_STYLE = Automatic;
				DEVELOPMENT_TEAM = WT55D455BY;
				INFOPLIST_FILE = GetCouponUITests/Info.plist;
				LD_RUNPATH_SEARCH_PATHS = (
					"$(inherited)",
					"@executable_path/Frameworks",
					"@loader_path/Frameworks",
				);
				PRODUCT_BUNDLE_IDENTIFIER = com.qq.GetCouponUITests;
				PRODUCT_NAME = "$(TARGET_NAME)";
				PROVISIONING_PROFILE_SPECIFIER = "";
				"PROVISIONING_PROFILE_SPECIFIER[sdk=macosx*]" = "";
				SWIFT_VERSION = 5.0;
				TARGETED_DEVICE_FAMILY = "1,2";
				TEST_TARGET_NAME = GetCoupon;
			};
			name = Release;
		};
/* End XCBuildConfiguration section */

/* Begin XCConfigurationList section */
		F35B3D1F235BAC25000F7ED0 /* Build configuration list for PBXProject "GetCoupon" */ = {
			isa = XCConfigurationList;
			buildConfigurations = (
				F35B3D4F235BAC2D000F7ED0 /* Debug */,
				F35B3D50235BAC2D000F7ED0 /* Release */,
			);
			defaultConfigurationIsVisible = 0;
			defaultConfigurationName = Release;
		};
		F35B3D51235BAC2D000F7ED0 /* Build configuration list for PBXNativeTarget "GetCoupon" */ = {
			isa = XCConfigurationList;
			buildConfigurations = (
				F35B3D52235BAC2D000F7ED0 /* Debug */,
				F35B3D53235BAC2D000F7ED0 /* Release */,
			);
			defaultConfigurationIsVisible = 0;
			defaultConfigurationName = Release;
		};
		F35B3D54235BAC2D000F7ED0 /* Build configuration list for PBXNativeTarget "GetCouponTests" */ = {
			isa = XCConfigurationList;
			buildConfigurations = (
				F35B3D55235BAC2D000F7ED0 /* Debug */,
				F35B3D56235BAC2D000F7ED0 /* Release */,
			);
			defaultConfigurationIsVisible = 0;
			defaultConfigurationName = Release;
		};
		F35B3D57235BAC2D000F7ED0 /* Build configuration list for PBXNativeTarget "GetCouponUITests" */ = {
			isa = XCConfigurationList;
			buildConfigurations = (
				F35B3D58235BAC2D000F7ED0 /* Debug */,
				F35B3D59235BAC2D000F7ED0 /* Release */,
			);
			defaultConfigurationIsVisible = 0;
			defaultConfigurationName = Release;
		};
/* End XCConfigurationList section */

/* Begin XCRemoteSwiftPackageReference section */
		F371E476242640D200301D5E /* XCRemoteSwiftPackageReference "RxSwift" */ = {
			isa = XCRemoteSwiftPackageReference;
			repositoryURL = "https://github.com/ReactiveX/RxSwift";
			requirement = {
				kind = upToNextMajorVersion;
				minimumVersion = 5.1.0;
			};
		};
		F371E4812426415100301D5E /* XCRemoteSwiftPackageReference "realm-cocoa" */ = {
			isa = XCRemoteSwiftPackageReference;
			repositoryURL = "https://github.com/realm/realm-cocoa";
			requirement = {
				kind = upToNextMinorVersion;
				minimumVersion = 4.4.0;
			};
		};
/* End XCRemoteSwiftPackageReference section */

/* Begin XCSwiftPackageProductDependency section */
		F371E477242640D200301D5E /* RxSwift */ = {
			isa = XCSwiftPackageProductDependency;
			package = F371E476242640D200301D5E /* XCRemoteSwiftPackageReference "RxSwift" */;
			productName = RxSwift;
		};
		F371E479242640D200301D5E /* RxTest */ = {
			isa = XCSwiftPackageProductDependency;
			package = F371E476242640D200301D5E /* XCRemoteSwiftPackageReference "RxSwift" */;
			productName = RxTest;
		};
		F371E47B242640D200301D5E /* RxRelay */ = {
			isa = XCSwiftPackageProductDependency;
			package = F371E476242640D200301D5E /* XCRemoteSwiftPackageReference "RxSwift" */;
			productName = RxRelay;
		};
		F371E47D242640D200301D5E /* RxCocoa */ = {
			isa = XCSwiftPackageProductDependency;
			package = F371E476242640D200301D5E /* XCRemoteSwiftPackageReference "RxSwift" */;
			productName = RxCocoa;
		};
		F371E47F242640D200301D5E /* RxBlocking */ = {
			isa = XCSwiftPackageProductDependency;
			package = F371E476242640D200301D5E /* XCRemoteSwiftPackageReference "RxSwift" */;
			productName = RxBlocking;
		};
		F371E4822426415100301D5E /* Realm */ = {
			isa = XCSwiftPackageProductDependency;
			package = F371E4812426415100301D5E /* XCRemoteSwiftPackageReference "realm-cocoa" */;
			productName = Realm;
		};
		F371E4842426415100301D5E /* RealmSwift */ = {
			isa = XCSwiftPackageProductDependency;
			package = F371E4812426415100301D5E /* XCRemoteSwiftPackageReference "realm-cocoa" */;
			productName = RealmSwift;
		};
/* End XCSwiftPackageProductDependency section */
	};
	rootObject = F35B3D1C235BAC25000F7ED0 /* Project object */;
}
